<?xml version="1.0" encoding="UTF-8"?>
<Scheme
   LastUpgradeVersion = "1240"
   wasCreatedForAppExtension = "YES"
   version = "2.0">
   <BuildAction
      parallelizeBuildables = "YES"
      buildImplicitDependencies = "YES">
      <BuildActionEntries>
         <BuildActionEntry
            buildForTesting = "YES"
            buildForRunning = "YES"
            buildForProfiling = "YES"
            buildForArchiving = "YES"
            buildForAnalyzing = "YES">
            <BuildableReference
               BuildableIdentifier = "primary"
               BlueprintIdentifier = "BD75B25F218B8CFD00C7EBD7"
               BuildableName = "SoundFontsApp.app"
               BlueprintName = "SoundFontsApp"
               ReferencedContainer = "container:App.xcodeproj">
            </BuildableReference>
         </BuildActionEntry>
         <BuildActionEntry
            buildForTesting = "YES"
            buildForRunning = "YES"
            buildForProfiling = "YES"
            buildForArchiving = "YES"
            buildForAnalyzing = "YES">
            <BuildableReference
               BuildableIdentifier = "primary"
               BlueprintIdentifier = "BD05836123E4C52800E094E0"
               BuildableName = "SoundFonts.appex"
               BlueprintName = "SoundFontsAU"
               ReferencedContainer = "container:App.xcodeproj">
            </BuildableReference>
         </BuildActionEntry>
         <BuildActionEntry
            buildForTesting = "YES"
            buildForRunning = "YES"
            buildForProfiling = "YES"
            buildForArchiving = "YES"
            buildForAnalyzing = "YES">
            <BuildableReference
               BuildableIdentifier = "primary"
               BlueprintIdentifier = "BD58250023CDABCD0034A31B"
               BuildableName = "SoundFontsFramework.framework"
               BlueprintName = "SoundFontsFramework"
               ReferencedContainer = "container:SoundFontsFramework.xcodeproj">
            </BuildableReference>
         </BuildActionEntry>
         <BuildActionEntry
            buildForTesting = "YES"
            buildForRunning = "YES"
            buildForProfiling = "YES"
            buildForArchiving = "YES"
            buildForAnalyzing = "YES">
            <BuildableReference
               BuildableIdentifier = "primary"
               BlueprintIdentifier = "BD74D16623CDB1D200204ED4"
               BuildableName = "SoundFontInfoLib.framework"
               BlueprintName = "SoundFontInfoLib"
               ReferencedContainer = "container:SoundFontInfoLib.xcodeproj">
            </BuildableReference>
         </BuildActionEntry>
         <BuildActionEntry
            buildForTesting = "YES"
            buildForRunning = "YES"
            buildForProfiling = "YES"
            buildForArchiving = "YES"
            buildForAnalyzing = "YES">
            <BuildableReference
               BuildableIdentifier = "primary"
               BlueprintIdentifier = "BD0FABFF251F676900EEF187"
               BuildableName = "SF2Files.framework"
               BlueprintName = "SF2Files"
               ReferencedContainer = "container:SF2Files/SF2Files.xcodeproj">
            </BuildableReference>
         </BuildActionEntry>
      </BuildActionEntries>
   </BuildAction>
   <TestAction
      buildConfiguration = "Debug"
      selectedDebuggerIdentifier = "Xcode.DebuggerFoundation.Debugger.LLDB"
      selectedLauncherIdentifier = "Xcode.DebuggerFoundation.Launcher.LLDB"
      shouldUseLaunchSchemeArgsEnv = "YES">
      <Testables>
         <TestableReference
            skipped = "NO">
            <BuildableReference
               BuildableIdentifier = "primary"
               BlueprintIdentifier = "BD6C6F8D265C4C9700EB98B2"
               BuildableName = "AppPerfTests.xctest"
               BlueprintName = "AppPerfTests"
               ReferencedContainer = "container:App.xcodeproj">
            </BuildableReference>
         </TestableReference>
      </Testables>
   </TestAction>
   <LaunchAction
      buildConfiguration = "Debug"
      selectedDebuggerIdentifier = "Xcode.DebuggerFoundation.Debugger.LLDB"
      selectedLauncherIdentifier = "Xcode.DebuggerFoundation.Launcher.LLDB"
      disableMainThreadChecker = "YES"
      launchStyle = "1"
      askForAppToLaunch = "Yes"
      useCustomWorkingDirectory = "NO"
      ignoresPersistentStateOnLaunch = "NO"
      debugDocumentVersioning = "YES"
      debugXPCServices = "NO"
      debugServiceExtension = "internal"
      enableGPUFrameCaptureMode = "3"
      enableGPUValidationMode = "1"
      allowLocationSimulation = "NO"
      launchAutomaticallySubstyle = "2"
      viewDebuggingEnabled = "No"
      queueDebuggingEnabled = "No"
      GPUProfilerEnabled = "No">
      <MacroExpansion>
         <BuildableReference
            BuildableIdentifier = "primary"
            BlueprintIdentifier = "BD75B25F218B8CFD00C7EBD7"
            BuildableName = "SoundFontsApp.app"
            BlueprintName = "SoundFontsApp"
            ReferencedContainer = "container:App.xcodeproj">
         </BuildableReference>
      </MacroExpansion>
   </LaunchAction>
   <ProfileAction
      buildConfiguration = "Release"
      shouldUseLaunchSchemeArgsEnv = "YES"
      savedToolIdentifier = ""
      useCustomWorkingDirectory = "NO"
      debugDocumentVersioning = "YES"
      launchAutomaticallySubstyle = "2">
      <BuildableProductRunnable
         runnableDebuggingMode = "0">
         <BuildableReference
            BuildableIdentifier = "primary"
            BlueprintIdentifier = "BD75B25F218B8CFD00C7EBD7"
            BuildableName = "SoundFontsApp.app"
            BlueprintName = "SoundFontsApp"
            ReferencedContainer = "container:App.xcodeproj">
         </BuildableReference>
      </BuildableProductRunnable>
   </ProfileAction>
   <AnalyzeAction
      buildConfiguration = "Debug">
   </AnalyzeAction>
   <ArchiveAction
      buildConfiguration = "Release"
      revealArchiveInOrganizer = "YES">
   </ArchiveAction>
</Scheme>
