// !$*UTF8*$!
{
	archiveVersion = 1;
	classes = {
	};
	objectVersion = 50;
	objects = {

/* Begin PBXBuildFile section */
		BD250BA92615A45E00D1C1E0 /* README.md in Resources */ = {isa = PBXBuildFile; fileRef = BD250BA82615A45E00D1C1E0 /* README.md */; };
		BD250BD72615E5E900D1C1E0 /* ModulatorSourceTests.mm in Sources */ = {isa = PBXBuildFile; fileRef = BD250BD62615E5E900D1C1E0 /* ModulatorSourceTests.mm */; };
		BD250BDB2615FD7400D1C1E0 /* Modulator.mm in Sources */ = {isa = PBXBuildFile; fileRef = BD250BDA2615FD7400D1C1E0 /* Modulator.mm */; };
		BD250BE92616406100D1C1E0 /* RenderUtilsTests.mm in Sources */ = {isa = PBXBuildFile; fileRef = BD250BE82616406100D1C1E0 /* RenderUtilsTests.mm */; };
		BD250C782617255B00D1C1E0 /* Utils.mm in Sources */ = {isa = PBXBuildFile; fileRef = BD250C772617255B00D1C1E0 /* Utils.mm */; };
		BD250C82261A126000D1C1E0 /* Types.hpp in Sources */ = {isa = PBXBuildFile; fileRef = BD250C81261A126000D1C1E0 /* Types.hpp */; };
		BD250CA4261C571E00D1C1E0 /* SampleIndexTests.mm in Sources */ = {isa = PBXBuildFile; fileRef = BD250CA3261C571E00D1C1E0 /* SampleIndexTests.mm */; };
		BD250D14261C74ED00D1C1E0 /* SoundFontInfo.mm in Sources */ = {isa = PBXBuildFile; fileRef = BD74D18323CDB36200204ED4 /* SoundFontInfo.mm */; };
		BD2AEE4324F692C5009EAABE /* Generator.mm in Sources */ = {isa = PBXBuildFile; fileRef = BD2AEE4224F692C5009EAABE /* Generator.mm */; };
		BD2AEE4724F6B8D7009EAABE /* Instrument.mm in Sources */ = {isa = PBXBuildFile; fileRef = BD2AEE4624F6B8D7009EAABE /* Instrument.mm */; };
		BD2AEE4924F6BF94009EAABE /* Zone.mm in Sources */ = {isa = PBXBuildFile; fileRef = BD2AEE4824F6BF94009EAABE /* Zone.mm */; };
		BD2AEE4F24F7E2AA009EAABE /* GeneratorAmountTests.mm in Sources */ = {isa = PBXBuildFile; fileRef = BD2AEE4E24F7E2AA009EAABE /* GeneratorAmountTests.mm */; };
		BD5E16F3261EEA85007BAA38 /* Note.hpp in Headers */ = {isa = PBXBuildFile; fileRef = BD5E16F2261EEA85007BAA38 /* Note.hpp */; };
		BD5E16F7261EECD5007BAA38 /* Note.mm in Sources */ = {isa = PBXBuildFile; fileRef = BD5E16F6261EECD5007BAA38 /* Note.mm */; };
		BD5E16FB261EEDA4007BAA38 /* NoteTests.mm in Sources */ = {isa = PBXBuildFile; fileRef = BD5E16FA261EEDA4007BAA38 /* NoteTests.mm */; };
		BD5E16FF261EFFB9007BAA38 /* Voice.mm in Sources */ = {isa = PBXBuildFile; fileRef = BD5E16FE261EFFB9007BAA38 /* Voice.mm */; };
		BD5E1703261F0FBE007BAA38 /* Preset.mm in Sources */ = {isa = PBXBuildFile; fileRef = BD5E1702261F0FBE007BAA38 /* Preset.mm */; };
		BD5E1707261F111A007BAA38 /* ZoneCollection.hpp in Headers */ = {isa = PBXBuildFile; fileRef = BD5E1706261F111A007BAA38 /* ZoneCollection.hpp */; };
		BD5E170B261F117D007BAA38 /* PresetZone.mm in Sources */ = {isa = PBXBuildFile; fileRef = BD5E170A261F117D007BAA38 /* PresetZone.mm */; };
		BD5E170F261F121E007BAA38 /* Range.hpp in Headers */ = {isa = PBXBuildFile; fileRef = BD5E170E261F121E007BAA38 /* Range.hpp */; };
		BD5E1715261F17A0007BAA38 /* RangeTests.mm in Sources */ = {isa = PBXBuildFile; fileRef = BD5E1714261F17A0007BAA38 /* RangeTests.mm */; };
		BD5E1719261F3907007BAA38 /* Modulator.hpp in Headers */ = {isa = PBXBuildFile; fileRef = BD5E1718261F3907007BAA38 /* Modulator.hpp */; };
		BD5E1721261F3FD0007BAA38 /* Modulator.mm in Sources */ = {isa = PBXBuildFile; fileRef = BD5E1720261F3FD0007BAA38 /* Modulator.mm */; };
		BD62BA3B261CAE080052FB7A /* DSP.hpp in Headers */ = {isa = PBXBuildFile; fileRef = BD62BA3A261CAE070052FB7A /* DSP.hpp */; };
		BD62BA3F261CAE630052FB7A /* LFO.hpp in Headers */ = {isa = PBXBuildFile; fileRef = BD62BA3E261CAE630052FB7A /* LFO.hpp */; };
		BD62BA43261CB09E0052FB7A /* BufferFacet.hpp in Headers */ = {isa = PBXBuildFile; fileRef = BD62BA42261CB09E0052FB7A /* BufferFacet.hpp */; };
		BD62BA47261CB5F40052FB7A /* InputBuffer.hpp in Headers */ = {isa = PBXBuildFile; fileRef = BD62BA46261CB5F40052FB7A /* InputBuffer.hpp */; };
		BD62BA4B261CB78A0052FB7A /* LFOTests.mm in Sources */ = {isa = PBXBuildFile; fileRef = BD62BA4A261CB7890052FB7A /* LFOTests.mm */; };
		BD62BA4F261CB7D20052FB7A /* DSPTests.mm in Sources */ = {isa = PBXBuildFile; fileRef = BD62BA4E261CB7D20052FB7A /* DSPTests.mm */; };
		BD62BA53261CB8270052FB7A /* DelayBuffer.hpp in Headers */ = {isa = PBXBuildFile; fileRef = BD62BA52261CB8270052FB7A /* DelayBuffer.hpp */; };
		BD62BA5B261D18790052FB7A /* DelayBufferTests.mm in Sources */ = {isa = PBXBuildFile; fileRef = BD62BA5A261D18790052FB7A /* DelayBufferTests.mm */; };
		BD62BA6A261D89A20052FB7A /* DSP.mm in Sources */ = {isa = PBXBuildFile; fileRef = BD62BA69261D89A20052FB7A /* DSP.mm */; };
		BD62BA70261DC5F20052FB7A /* SampleBufferTests.mm in Sources */ = {isa = PBXBuildFile; fileRef = BD62BA6F261DC5F20052FB7A /* SampleBufferTests.mm */; };
		BD74D17123CDB1D200204ED4 /* SoundFontInfoLib.framework in Frameworks */ = {isa = PBXBuildFile; fileRef = BD74D16723CDB1D200204ED4 /* SoundFontInfoLib.framework */; };
		BD74D17823CDB1D200204ED4 /* SoundFontInfoLib.h in Headers */ = {isa = PBXBuildFile; fileRef = BD74D16A23CDB1D200204ED4 /* SoundFontInfoLib.h */; settings = {ATTRIBUTES = (Public, ); }; };
		BD74D18623CDB36200204ED4 /* SoundFontInfo.h in Headers */ = {isa = PBXBuildFile; fileRef = BD74D18223CDB36200204ED4 /* SoundFontInfo.h */; settings = {ATTRIBUTES = (Public, ); }; };
		BD74D18823CDB36200204ED4 /* Parser.mm in Sources */ = {isa = PBXBuildFile; fileRef = BD74D18423CDB36200204ED4 /* Parser.mm */; };
		BD82800024EA8E6800533D80 /* Definition.mm in Sources */ = {isa = PBXBuildFile; fileRef = BD827FFF24EA8E6800533D80 /* Definition.mm */; };
		BD82800624EC16F200533D80 /* Envelope.mm in Sources */ = {isa = PBXBuildFile; fileRef = BD82800524EC16F200533D80 /* Envelope.mm */; };
		BD82800B24EC91A600533D80 /* EnvelopeTests.mm in Sources */ = {isa = PBXBuildFile; fileRef = BD82800A24EC91A600533D80 /* EnvelopeTests.mm */; };
		BD97190F24EF18530009ED6E /* Synthesizer.mm in Sources */ = {isa = PBXBuildFile; fileRef = BD97190E24EF18530009ED6E /* Synthesizer.mm */; };
		BD97191124EF1E9C0009ED6E /* SynthesizerTests.mm in Sources */ = {isa = PBXBuildFile; fileRef = BD97191024EF1E9C0009ED6E /* SynthesizerTests.mm */; };
		BD97191524EF21ED0009ED6E /* MIDI.mm in Sources */ = {isa = PBXBuildFile; fileRef = BD97191424EF21ED0009ED6E /* MIDI.mm */; };
		BD9781FC2505304800CEFB59 /* SoundFontInfoLibTests.swift in Sources */ = {isa = PBXBuildFile; fileRef = BD74D17523CDB1D200204ED4 /* SoundFontInfoLibTests.swift */; };
		BDABC42924F172CD00F8C874 /* Transform.mm in Sources */ = {isa = PBXBuildFile; fileRef = BDABC42824F172CD00F8C874 /* Transform.mm */; };
		BDABC42B24F1AD8800F8C874 /* TransformTests.mm in Sources */ = {isa = PBXBuildFile; fileRef = BDABC42A24F1AD8800F8C874 /* TransformTests.mm */; };
		BDABC42D24F46A2000F8C874 /* File.mm in Sources */ = {isa = PBXBuildFile; fileRef = BDABC42C24F46A2000F8C874 /* File.mm */; };
		BDB265FF25303E38005BEAD1 /* VoiceState.mm in Sources */ = {isa = PBXBuildFile; fileRef = BDB265FE25303E38005BEAD1 /* VoiceState.mm */; };
		BDB2660525303FE0005BEAD1 /* InstrumentCollection.mm in Sources */ = {isa = PBXBuildFile; fileRef = BDB2660425303FE0005BEAD1 /* InstrumentCollection.mm */; };
		BDB2660B25304037005BEAD1 /* InstrumentZone.mm in Sources */ = {isa = PBXBuildFile; fileRef = BDB2660A25304037005BEAD1 /* InstrumentZone.mm */; };
		BDB266192531AE2E005BEAD1 /* Pos.mm in Sources */ = {isa = PBXBuildFile; fileRef = BDB266182531AE2E005BEAD1 /* Pos.mm */; };
		BDB2662725323FE7005BEAD1 /* SFFileTests.swift in Sources */ = {isa = PBXBuildFile; fileRef = BDB2662625323FE7005BEAD1 /* SFFileTests.swift */; };
		BDB2662D25324780005BEAD1 /* SFFileTests.mm in Sources */ = {isa = PBXBuildFile; fileRef = BDB2662C25324780005BEAD1 /* SFFileTests.mm */; };
		BDB266CA25334B96005BEAD1 /* SF2Files.framework in Frameworks */ = {isa = PBXBuildFile; fileRef = BDB266C925334B96005BEAD1 /* SF2Files.framework */; settings = {ATTRIBUTES = (Weak, ); }; };
		BDD2D6AB261C8854000557A3 /* Accelerate.framework in Frameworks */ = {isa = PBXBuildFile; fileRef = BDD2D6AA261C8854000557A3 /* Accelerate.framework */; };
		BDEB127426232C3C003CE8EE /* InstrumentTests.mm in Sources */ = {isa = PBXBuildFile; fileRef = BDEB127326232C3C003CE8EE /* InstrumentTests.mm */; };
		BDEB1278262333B2003CE8EE /* VoiceStateTests.mm in Sources */ = {isa = PBXBuildFile; fileRef = BDEB1277262333B2003CE8EE /* VoiceStateTests.mm */; };
		BDEB127C26234100003CE8EE /* PresetTests.mm in Sources */ = {isa = PBXBuildFile; fileRef = BDEB127B26234100003CE8EE /* PresetTests.mm */; };
		BDEB12802623792F003CE8EE /* Entity.hpp in Headers */ = {isa = PBXBuildFile; fileRef = BDEB127F2623792F003CE8EE /* Entity.hpp */; };
		BDEB128A26243B9B003CE8EE /* WithZones.hpp in Headers */ = {isa = PBXBuildFile; fileRef = BDEB128926243B9B003CE8EE /* WithZones.hpp */; };
/* End PBXBuildFile section */

/* Begin PBXContainerItemProxy section */
		BD74D17223CDB1D200204ED4 /* PBXContainerItemProxy */ = {
			isa = PBXContainerItemProxy;
			containerPortal = BD74D15E23CDB1D200204ED4 /* Project object */;
			proxyType = 1;
			remoteGlobalIDString = BD74D16623CDB1D200204ED4;
			remoteInfo = SoundFontInfoLib;
		};
/* End PBXContainerItemProxy section */

/* Begin PBXFileReference section */
		BD250BA82615A45E00D1C1E0 /* README.md */ = {isa = PBXFileReference; fileEncoding = 4; lastKnownFileType = net.daringfireball.markdown; name = README.md; path = SoundFontInfoLib/README.md; sourceTree = "<group>"; };
		BD250BD62615E5E900D1C1E0 /* ModulatorSourceTests.mm */ = {isa = PBXFileReference; fileEncoding = 4; lastKnownFileType = sourcecode.cpp.objcpp; path = ModulatorSourceTests.mm; sourceTree = "<group>"; };
		BD250BDA2615FD7400D1C1E0 /* Modulator.mm */ = {isa = PBXFileReference; fileEncoding = 4; lastKnownFileType = sourcecode.cpp.objcpp; name = Modulator.mm; path = SoundFontInfoLib/Entity/Modulator/Modulator.mm; sourceTree = SOURCE_ROOT; };
		BD250BE226163F7D00D1C1E0 /* Utils.hpp */ = {isa = PBXFileReference; fileEncoding = 4; lastKnownFileType = sourcecode.cpp.h; path = Utils.hpp; sourceTree = "<group>"; };
		BD250BE82616406100D1C1E0 /* RenderUtilsTests.mm */ = {isa = PBXFileReference; fileEncoding = 4; lastKnownFileType = sourcecode.cpp.objcpp; path = RenderUtilsTests.mm; sourceTree = "<group>"; };
		BD250C772617255B00D1C1E0 /* Utils.mm */ = {isa = PBXFileReference; fileEncoding = 4; lastKnownFileType = sourcecode.cpp.objcpp; path = Utils.mm; sourceTree = "<group>"; };
		BD250C81261A126000D1C1E0 /* Types.hpp */ = {isa = PBXFileReference; lastKnownFileType = sourcecode.cpp.h; path = Types.hpp; sourceTree = "<group>"; };
		BD250C91261A727100D1C1E0 /* Version.hpp */ = {isa = PBXFileReference; fileEncoding = 4; lastKnownFileType = sourcecode.cpp.h; path = Version.hpp; sourceTree = "<group>"; };
		BD250C9F261C3AA600D1C1E0 /* SampleIndex.hpp */ = {isa = PBXFileReference; fileEncoding = 4; lastKnownFileType = sourcecode.cpp.h; path = SampleIndex.hpp; sourceTree = "<group>"; };
		BD250CA3261C571E00D1C1E0 /* SampleIndexTests.mm */ = {isa = PBXFileReference; fileEncoding = 4; lastKnownFileType = sourcecode.cpp.objcpp; path = SampleIndexTests.mm; sourceTree = "<group>"; };
		BD250CAB261C61D000D1C1E0 /* SampleBuffer.hpp */ = {isa = PBXFileReference; fileEncoding = 4; lastKnownFileType = sourcecode.cpp.h; path = SampleBuffer.hpp; sourceTree = "<group>"; };
		BD2AEE4224F692C5009EAABE /* Generator.mm */ = {isa = PBXFileReference; fileEncoding = 4; lastKnownFileType = sourcecode.cpp.objcpp; path = Generator.mm; sourceTree = "<group>"; };
		BD2AEE4424F69E21009EAABE /* Instrument.hpp */ = {isa = PBXFileReference; fileEncoding = 4; lastKnownFileType = sourcecode.cpp.h; path = Instrument.hpp; sourceTree = "<group>"; };
		BD2AEE4624F6B8D7009EAABE /* Instrument.mm */ = {isa = PBXFileReference; fileEncoding = 4; lastKnownFileType = sourcecode.cpp.objcpp; path = Instrument.mm; sourceTree = "<group>"; };
		BD2AEE4824F6BF94009EAABE /* Zone.mm */ = {isa = PBXFileReference; fileEncoding = 4; lastKnownFileType = sourcecode.cpp.objcpp; path = Zone.mm; sourceTree = "<group>"; };
		BD2AEE4E24F7E2AA009EAABE /* GeneratorAmountTests.mm */ = {isa = PBXFileReference; fileEncoding = 4; lastKnownFileType = sourcecode.cpp.objcpp; path = GeneratorAmountTests.mm; sourceTree = "<group>"; };
		BD2AEE5024F81867009EAABE /* Format.hpp */ = {isa = PBXFileReference; fileEncoding = 4; lastKnownFileType = sourcecode.cpp.h; path = Format.hpp; sourceTree = "<group>"; };
		BD2AEE5224F9C689009EAABE /* VoiceState.hpp */ = {isa = PBXFileReference; fileEncoding = 4; lastKnownFileType = sourcecode.cpp.h; path = VoiceState.hpp; sourceTree = "<group>"; };
		BD2AEE5424F9DEB9009EAABE /* PresetZone.hpp */ = {isa = PBXFileReference; fileEncoding = 4; lastKnownFileType = sourcecode.cpp.h; path = PresetZone.hpp; sourceTree = "<group>"; };
		BD2AEE5624F9DF1E009EAABE /* InstrumentZone.hpp */ = {isa = PBXFileReference; fileEncoding = 4; lastKnownFileType = sourcecode.cpp.h; path = InstrumentZone.hpp; sourceTree = "<group>"; };
		BD2AEE5824F9DF6B009EAABE /* InstrumentCollection.hpp */ = {isa = PBXFileReference; fileEncoding = 4; lastKnownFileType = sourcecode.cpp.h; path = InstrumentCollection.hpp; sourceTree = "<group>"; };
		BD5E16F2261EEA85007BAA38 /* Note.hpp */ = {isa = PBXFileReference; fileEncoding = 4; lastKnownFileType = sourcecode.cpp.h; path = Note.hpp; sourceTree = "<group>"; };
		BD5E16F6261EECD5007BAA38 /* Note.mm */ = {isa = PBXFileReference; fileEncoding = 4; lastKnownFileType = sourcecode.cpp.objcpp; path = Note.mm; sourceTree = "<group>"; };
		BD5E16FA261EEDA4007BAA38 /* NoteTests.mm */ = {isa = PBXFileReference; fileEncoding = 4; lastKnownFileType = sourcecode.cpp.objcpp; path = NoteTests.mm; sourceTree = "<group>"; };
		BD5E16FE261EFFB9007BAA38 /* Voice.mm */ = {isa = PBXFileReference; fileEncoding = 4; lastKnownFileType = sourcecode.cpp.objcpp; path = Voice.mm; sourceTree = "<group>"; };
		BD5E1702261F0FBE007BAA38 /* Preset.mm */ = {isa = PBXFileReference; fileEncoding = 4; lastKnownFileType = sourcecode.cpp.objcpp; path = Preset.mm; sourceTree = "<group>"; };
		BD5E1706261F111A007BAA38 /* ZoneCollection.hpp */ = {isa = PBXFileReference; fileEncoding = 4; lastKnownFileType = sourcecode.cpp.h; path = ZoneCollection.hpp; sourceTree = "<group>"; };
		BD5E170A261F117D007BAA38 /* PresetZone.mm */ = {isa = PBXFileReference; fileEncoding = 4; lastKnownFileType = sourcecode.cpp.objcpp; path = PresetZone.mm; sourceTree = "<group>"; };
		BD5E170E261F121E007BAA38 /* Range.hpp */ = {isa = PBXFileReference; fileEncoding = 4; lastKnownFileType = sourcecode.cpp.h; path = Range.hpp; sourceTree = "<group>"; };
		BD5E1714261F17A0007BAA38 /* RangeTests.mm */ = {isa = PBXFileReference; fileEncoding = 4; lastKnownFileType = sourcecode.cpp.objcpp; path = RangeTests.mm; sourceTree = "<group>"; };
		BD5E1718261F3907007BAA38 /* Modulator.hpp */ = {isa = PBXFileReference; fileEncoding = 4; lastKnownFileType = sourcecode.cpp.h; path = Modulator.hpp; sourceTree = "<group>"; };
		BD5E1720261F3FD0007BAA38 /* Modulator.mm */ = {isa = PBXFileReference; fileEncoding = 4; lastKnownFileType = sourcecode.cpp.objcpp; path = Modulator.mm; sourceTree = "<group>"; };
		BD62BA3A261CAE070052FB7A /* DSP.hpp */ = {isa = PBXFileReference; fileEncoding = 4; lastKnownFileType = sourcecode.cpp.h; path = DSP.hpp; sourceTree = "<group>"; };
		BD62BA3E261CAE630052FB7A /* LFO.hpp */ = {isa = PBXFileReference; fileEncoding = 4; lastKnownFileType = sourcecode.cpp.h; path = LFO.hpp; sourceTree = "<group>"; };
		BD62BA42261CB09E0052FB7A /* BufferFacet.hpp */ = {isa = PBXFileReference; fileEncoding = 4; lastKnownFileType = sourcecode.cpp.h; path = BufferFacet.hpp; sourceTree = "<group>"; };
		BD62BA46261CB5F40052FB7A /* InputBuffer.hpp */ = {isa = PBXFileReference; fileEncoding = 4; lastKnownFileType = sourcecode.cpp.h; path = InputBuffer.hpp; sourceTree = "<group>"; };
		BD62BA4A261CB7890052FB7A /* LFOTests.mm */ = {isa = PBXFileReference; fileEncoding = 4; lastKnownFileType = sourcecode.cpp.objcpp; path = LFOTests.mm; sourceTree = "<group>"; };
		BD62BA4E261CB7D20052FB7A /* DSPTests.mm */ = {isa = PBXFileReference; fileEncoding = 4; lastKnownFileType = sourcecode.cpp.objcpp; path = DSPTests.mm; sourceTree = "<group>"; };
		BD62BA52261CB8270052FB7A /* DelayBuffer.hpp */ = {isa = PBXFileReference; fileEncoding = 4; lastKnownFileType = sourcecode.cpp.h; path = DelayBuffer.hpp; sourceTree = "<group>"; };
		BD62BA5A261D18790052FB7A /* DelayBufferTests.mm */ = {isa = PBXFileReference; fileEncoding = 4; lastKnownFileType = sourcecode.cpp.objcpp; path = DelayBufferTests.mm; sourceTree = "<group>"; };
		BD62BA69261D89A20052FB7A /* DSP.mm */ = {isa = PBXFileReference; fileEncoding = 4; lastKnownFileType = sourcecode.cpp.objcpp; path = DSP.mm; sourceTree = "<group>"; };
		BD62BA6F261DC5F20052FB7A /* SampleBufferTests.mm */ = {isa = PBXFileReference; fileEncoding = 4; lastKnownFileType = sourcecode.cpp.objcpp; path = SampleBufferTests.mm; sourceTree = "<group>"; };
		BD64EB6724E5328100EA8473 /* Instrument.hpp */ = {isa = PBXFileReference; fileEncoding = 4; lastKnownFileType = sourcecode.cpp.h; path = Instrument.hpp; sourceTree = "<group>"; };
		BD64EB6924E5341900EA8473 /* Bag.hpp */ = {isa = PBXFileReference; fileEncoding = 4; lastKnownFileType = sourcecode.cpp.h; path = Bag.hpp; sourceTree = "<group>"; };
		BD64EB6B24E534B700EA8473 /* Preset.hpp */ = {isa = PBXFileReference; fileEncoding = 4; lastKnownFileType = sourcecode.cpp.h; path = Preset.hpp; sourceTree = "<group>"; };
		BD64EB6F24E536A200EA8473 /* SampleHeader.hpp */ = {isa = PBXFileReference; fileEncoding = 4; lastKnownFileType = sourcecode.cpp.h; path = SampleHeader.hpp; sourceTree = "<group>"; };
		BD64EB7124E5A5DC00EA8473 /* File.hpp */ = {isa = PBXFileReference; fileEncoding = 4; lastKnownFileType = sourcecode.cpp.h; path = File.hpp; sourceTree = "<group>"; };
		BD74D16723CDB1D200204ED4 /* SoundFontInfoLib.framework */ = {isa = PBXFileReference; explicitFileType = wrapper.framework; includeInIndex = 0; path = SoundFontInfoLib.framework; sourceTree = BUILT_PRODUCTS_DIR; };
		BD74D16A23CDB1D200204ED4 /* SoundFontInfoLib.h */ = {isa = PBXFileReference; lastKnownFileType = sourcecode.c.h; path = SoundFontInfoLib.h; sourceTree = "<group>"; };
		BD74D16B23CDB1D200204ED4 /* Info.plist */ = {isa = PBXFileReference; lastKnownFileType = text.plist.xml; path = Info.plist; sourceTree = "<group>"; };
		BD74D17023CDB1D200204ED4 /* SoundFontInfoLibTests.xctest */ = {isa = PBXFileReference; explicitFileType = wrapper.cfbundle; includeInIndex = 0; path = SoundFontInfoLibTests.xctest; sourceTree = BUILT_PRODUCTS_DIR; };
		BD74D17523CDB1D200204ED4 /* SoundFontInfoLibTests.swift */ = {isa = PBXFileReference; lastKnownFileType = sourcecode.swift; path = SoundFontInfoLibTests.swift; sourceTree = "<group>"; };
		BD74D17723CDB1D200204ED4 /* Info.plist */ = {isa = PBXFileReference; lastKnownFileType = text.plist.xml; path = Info.plist; sourceTree = "<group>"; };
		BD74D18123CDB36200204ED4 /* Parser.hpp */ = {isa = PBXFileReference; fileEncoding = 4; lastKnownFileType = sourcecode.cpp.h; path = Parser.hpp; sourceTree = "<group>"; };
		BD74D18223CDB36200204ED4 /* SoundFontInfo.h */ = {isa = PBXFileReference; fileEncoding = 4; lastKnownFileType = sourcecode.c.h; path = SoundFontInfo.h; sourceTree = "<group>"; };
		BD74D18323CDB36200204ED4 /* SoundFontInfo.mm */ = {isa = PBXFileReference; fileEncoding = 4; lastKnownFileType = sourcecode.cpp.objcpp; path = SoundFontInfo.mm; sourceTree = "<group>"; };
		BD74D18423CDB36200204ED4 /* Parser.mm */ = {isa = PBXFileReference; fileEncoding = 4; lastKnownFileType = sourcecode.cpp.objcpp; path = Parser.mm; sourceTree = "<group>"; };
		BD827FFD24EA8E1B00533D80 /* Definition.hpp */ = {isa = PBXFileReference; fileEncoding = 4; lastKnownFileType = sourcecode.cpp.h; path = Definition.hpp; sourceTree = "<group>"; };
		BD827FFF24EA8E6800533D80 /* Definition.mm */ = {isa = PBXFileReference; fileEncoding = 4; lastKnownFileType = sourcecode.cpp.objcpp; path = Definition.mm; sourceTree = "<group>"; };
		BD82800324EC061400533D80 /* Envelope.hpp */ = {isa = PBXFileReference; fileEncoding = 4; lastKnownFileType = sourcecode.cpp.h; path = Envelope.hpp; sourceTree = "<group>"; };
		BD82800524EC16F200533D80 /* Envelope.mm */ = {isa = PBXFileReference; fileEncoding = 4; lastKnownFileType = sourcecode.cpp.objcpp; path = Envelope.mm; sourceTree = "<group>"; };
		BD82800924EC91A500533D80 /* SoundFontInfoLibTests-Bridging-Header.h */ = {isa = PBXFileReference; lastKnownFileType = sourcecode.c.h; path = "SoundFontInfoLibTests-Bridging-Header.h"; sourceTree = "<group>"; };
		BD82800A24EC91A600533D80 /* EnvelopeTests.mm */ = {isa = PBXFileReference; lastKnownFileType = sourcecode.cpp.objcpp; path = EnvelopeTests.mm; sourceTree = "<group>"; };
		BD97190C24EF182D0009ED6E /* Synthesizer.hpp */ = {isa = PBXFileReference; explicitFileType = sourcecode.cpp.h; fileEncoding = 4; path = Synthesizer.hpp; sourceTree = "<group>"; };
		BD97190E24EF18530009ED6E /* Synthesizer.mm */ = {isa = PBXFileReference; fileEncoding = 4; lastKnownFileType = sourcecode.cpp.objcpp; path = Synthesizer.mm; sourceTree = "<group>"; };
		BD97191024EF1E9C0009ED6E /* SynthesizerTests.mm */ = {isa = PBXFileReference; fileEncoding = 4; lastKnownFileType = sourcecode.cpp.objcpp; path = SynthesizerTests.mm; sourceTree = "<group>"; };
		BD97191224EF21E40009ED6E /* MIDI.hpp */ = {isa = PBXFileReference; fileEncoding = 4; lastKnownFileType = sourcecode.cpp.h; path = MIDI.hpp; sourceTree = "<group>"; };
		BD97191424EF21ED0009ED6E /* MIDI.mm */ = {isa = PBXFileReference; fileEncoding = 4; lastKnownFileType = sourcecode.cpp.objcpp; path = MIDI.mm; sourceTree = "<group>"; };
		BDABC42624F1727A00F8C874 /* Transform.hpp */ = {isa = PBXFileReference; fileEncoding = 4; lastKnownFileType = sourcecode.cpp.h; path = Transform.hpp; sourceTree = "<group>"; };
		BDABC42824F172CD00F8C874 /* Transform.mm */ = {isa = PBXFileReference; fileEncoding = 4; lastKnownFileType = sourcecode.cpp.objcpp; path = Transform.mm; sourceTree = "<group>"; };
		BDABC42A24F1AD8800F8C874 /* TransformTests.mm */ = {isa = PBXFileReference; fileEncoding = 4; lastKnownFileType = sourcecode.cpp.objcpp; path = TransformTests.mm; sourceTree = "<group>"; };
		BDABC42C24F46A2000F8C874 /* File.mm */ = {isa = PBXFileReference; fileEncoding = 4; lastKnownFileType = sourcecode.cpp.objcpp; path = File.mm; sourceTree = "<group>"; };
		BDABC42E24F46CF000F8C874 /* Preset.hpp */ = {isa = PBXFileReference; fileEncoding = 4; lastKnownFileType = sourcecode.cpp.h; path = Preset.hpp; sourceTree = "<group>"; };
		BDABC43224F46EFA00F8C874 /* Zone.hpp */ = {isa = PBXFileReference; fileEncoding = 4; lastKnownFileType = sourcecode.cpp.h; path = Zone.hpp; sourceTree = "<group>"; };
		BDB1B4612491805800F3F361 /* Tag.hpp */ = {isa = PBXFileReference; lastKnownFileType = sourcecode.cpp.h; path = Tag.hpp; sourceTree = "<group>"; };
		BDB1B4652491823400F3F361 /* ChunkList.hpp */ = {isa = PBXFileReference; lastKnownFileType = sourcecode.cpp.h; path = ChunkList.hpp; sourceTree = "<group>"; };
		BDB1B4692491829000F3F361 /* Chunk.hpp */ = {isa = PBXFileReference; lastKnownFileType = sourcecode.cpp.h; path = Chunk.hpp; sourceTree = "<group>"; };
		BDB265FE25303E38005BEAD1 /* VoiceState.mm */ = {isa = PBXFileReference; fileEncoding = 4; lastKnownFileType = sourcecode.cpp.objcpp; path = VoiceState.mm; sourceTree = "<group>"; };
		BDB2660425303FE0005BEAD1 /* InstrumentCollection.mm */ = {isa = PBXFileReference; fileEncoding = 4; lastKnownFileType = sourcecode.cpp.objcpp; path = InstrumentCollection.mm; sourceTree = "<group>"; };
		BDB2660A25304037005BEAD1 /* InstrumentZone.mm */ = {isa = PBXFileReference; fileEncoding = 4; lastKnownFileType = sourcecode.cpp.objcpp; path = InstrumentZone.mm; sourceTree = "<group>"; };
		BDB266142531AA16005BEAD1 /* Pos.hpp */ = {isa = PBXFileReference; fileEncoding = 4; lastKnownFileType = sourcecode.cpp.h; path = Pos.hpp; sourceTree = "<group>"; };
		BDB266182531AE2E005BEAD1 /* Pos.mm */ = {isa = PBXFileReference; fileEncoding = 4; lastKnownFileType = sourcecode.cpp.objcpp; path = Pos.mm; sourceTree = "<group>"; };
		BDB2662625323FE7005BEAD1 /* SFFileTests.swift */ = {isa = PBXFileReference; fileEncoding = 4; lastKnownFileType = sourcecode.swift; path = SFFileTests.swift; sourceTree = "<group>"; };
		BDB2662C25324780005BEAD1 /* SFFileTests.mm */ = {isa = PBXFileReference; fileEncoding = 4; lastKnownFileType = sourcecode.cpp.objcpp; path = SFFileTests.mm; sourceTree = "<group>"; };
		BDB266C725334B3E005BEAD1 /* SF2Files.framework */ = {isa = PBXFileReference; explicitFileType = wrapper.framework; path = SF2Files.framework; sourceTree = BUILT_PRODUCTS_DIR; };
		BDB266C925334B96005BEAD1 /* SF2Files.framework */ = {isa = PBXFileReference; explicitFileType = wrapper.framework; path = SF2Files.framework; sourceTree = BUILT_PRODUCTS_DIR; };
		BDD2D6AA261C8854000557A3 /* Accelerate.framework */ = {isa = PBXFileReference; lastKnownFileType = wrapper.framework; name = Accelerate.framework; path = Platforms/MacOSX.platform/Developer/SDKs/MacOSX11.1.sdk/System/Library/Frameworks/Accelerate.framework; sourceTree = DEVELOPER_DIR; };
		BDEB127326232C3C003CE8EE /* InstrumentTests.mm */ = {isa = PBXFileReference; fileEncoding = 4; lastKnownFileType = sourcecode.cpp.objcpp; path = InstrumentTests.mm; sourceTree = "<group>"; };
		BDEB1277262333B2003CE8EE /* VoiceStateTests.mm */ = {isa = PBXFileReference; fileEncoding = 4; lastKnownFileType = sourcecode.cpp.objcpp; path = VoiceStateTests.mm; sourceTree = "<group>"; };
		BDEB127B26234100003CE8EE /* PresetTests.mm */ = {isa = PBXFileReference; fileEncoding = 4; lastKnownFileType = sourcecode.cpp.objcpp; path = PresetTests.mm; sourceTree = "<group>"; };
		BDEB127F2623792F003CE8EE /* Entity.hpp */ = {isa = PBXFileReference; fileEncoding = 4; lastKnownFileType = sourcecode.cpp.h; path = Entity.hpp; sourceTree = "<group>"; };
		BDEB128926243B9B003CE8EE /* WithZones.hpp */ = {isa = PBXFileReference; fileEncoding = 4; lastKnownFileType = sourcecode.cpp.h; path = WithZones.hpp; sourceTree = "<group>"; };
		BDEC00162497665D00A52507 /* Source.hpp */ = {isa = PBXFileReference; lastKnownFileType = sourcecode.cpp.h; path = Source.hpp; sourceTree = "<group>"; };
		BDEC001A2497669300A52507 /* Index.hpp */ = {isa = PBXFileReference; lastKnownFileType = sourcecode.cpp.h; path = Index.hpp; sourceTree = "<group>"; };
		BDEC001E2497672000A52507 /* Transform.hpp */ = {isa = PBXFileReference; lastKnownFileType = sourcecode.cpp.h; path = Transform.hpp; sourceTree = "<group>"; };
		BDEC0022249768E200A52507 /* Amount.hpp */ = {isa = PBXFileReference; lastKnownFileType = sourcecode.cpp.h; path = Amount.hpp; sourceTree = "<group>"; };
		BDEC0026249775FE00A52507 /* Voice.hpp */ = {isa = PBXFileReference; lastKnownFileType = sourcecode.cpp.h; path = Voice.hpp; sourceTree = "<group>"; };
		BDEC002A2497790A00A52507 /* StringUtils.hpp */ = {isa = PBXFileReference; lastKnownFileType = sourcecode.cpp.h; path = StringUtils.hpp; sourceTree = "<group>"; };
		BDEC00422497DD5700A52507 /* ChunkItems.hpp */ = {isa = PBXFileReference; lastKnownFileType = sourcecode.cpp.h; path = ChunkItems.hpp; sourceTree = "<group>"; };
		BDEC00462497E7BF00A52507 /* Generator.hpp */ = {isa = PBXFileReference; lastKnownFileType = sourcecode.cpp.h; path = Generator.hpp; sourceTree = "<group>"; };
		BDEC004A2497F0A700A52507 /* Modulator.hpp */ = {isa = PBXFileReference; lastKnownFileType = sourcecode.cpp.h; path = Modulator.hpp; sourceTree = "<group>"; };
		BDECFFE82496BA6600A52507 /* main.swift */ = {isa = PBXFileReference; lastKnownFileType = sourcecode.swift; path = main.swift; sourceTree = "<group>"; };
/* End PBXFileReference section */

/* Begin PBXFrameworksBuildPhase section */
		BD74D16423CDB1D200204ED4 /* Frameworks */ = {
			isa = PBXFrameworksBuildPhase;
			buildActionMask = 2147483647;
			files = (
				BDD2D6AB261C8854000557A3 /* Accelerate.framework in Frameworks */,
			);
			runOnlyForDeploymentPostprocessing = 0;
		};
		BD74D16D23CDB1D200204ED4 /* Frameworks */ = {
			isa = PBXFrameworksBuildPhase;
			buildActionMask = 2147483647;
			files = (
				BDB266CA25334B96005BEAD1 /* SF2Files.framework in Frameworks */,
				BD74D17123CDB1D200204ED4 /* SoundFontInfoLib.framework in Frameworks */,
			);
			runOnlyForDeploymentPostprocessing = 0;
		};
/* End PBXFrameworksBuildPhase section */

/* Begin PBXGroup section */
		BD250BB12615CCAA00D1C1E0 /* Generator */ = {
			isa = PBXGroup;
			children = (
				BDEC0022249768E200A52507 /* Amount.hpp */,
				BD827FFF24EA8E6800533D80 /* Definition.mm */,
				BD827FFD24EA8E1B00533D80 /* Definition.hpp */,
				BD2AEE4224F692C5009EAABE /* Generator.mm */,
				BDEC00462497E7BF00A52507 /* Generator.hpp */,
				BDEC001A2497669300A52507 /* Index.hpp */,
			);
			path = Generator;
			sourceTree = "<group>";
		};
		BD250BC42615CFF900D1C1E0 /* Modulator */ = {
			isa = PBXGroup;
			children = (
				BD250BDA2615FD7400D1C1E0 /* Modulator.mm */,
				BDEC004A2497F0A700A52507 /* Modulator.hpp */,
				BDEC00162497665D00A52507 /* Source.hpp */,
				BDEC001E2497672000A52507 /* Transform.hpp */,
			);
			path = Modulator;
			sourceTree = "<group>";
		};
		BD74D15D23CDB1D200204ED4 = {
			isa = PBXGroup;
			children = (
				BD250BA82615A45E00D1C1E0 /* README.md */,
				BD74D16923CDB1D200204ED4 /* SoundFontInfoLib */,
				BD74D17423CDB1D200204ED4 /* SoundFontInfoLibTests */,
				BDECFFE72496BA6600A52507 /* sf2dump */,
				BD74D16823CDB1D200204ED4 /* Products */,
				BDECFFED2496BEFB00A52507 /* Frameworks */,
			);
			sourceTree = "<group>";
		};
		BD74D16823CDB1D200204ED4 /* Products */ = {
			isa = PBXGroup;
			children = (
				BD74D16723CDB1D200204ED4 /* SoundFontInfoLib.framework */,
				BD74D17023CDB1D200204ED4 /* SoundFontInfoLibTests.xctest */,
			);
			name = Products;
			sourceTree = "<group>";
		};
		BD74D16923CDB1D200204ED4 /* SoundFontInfoLib */ = {
			isa = PBXGroup;
			children = (
				BD250C81261A126000D1C1E0 /* Types.hpp */,
				BDB265F4252FB2CB005BEAD1 /* Entity */,
				BDB265F7252FB31F005BEAD1 /* IO */,
				BDB26651253269F9005BEAD1 /* Render */,
				BD74D18323CDB36200204ED4 /* SoundFontInfo.mm */,
				BD74D18223CDB36200204ED4 /* SoundFontInfo.h */,
				BD74D16B23CDB1D200204ED4 /* Info.plist */,
				BD74D16A23CDB1D200204ED4 /* SoundFontInfoLib.h */,
			);
			path = SoundFontInfoLib;
			sourceTree = "<group>";
		};
		BD74D17423CDB1D200204ED4 /* SoundFontInfoLibTests */ = {
			isa = PBXGroup;
			children = (
				BD82800A24EC91A600533D80 /* EnvelopeTests.mm */,
				BD62BA4A261CB7890052FB7A /* LFOTests.mm */,
				BD62BA5A261D18790052FB7A /* DelayBufferTests.mm */,
				BD62BA6F261DC5F20052FB7A /* SampleBufferTests.mm */,
				BD62BA4E261CB7D20052FB7A /* DSPTests.mm */,
				BDABC42A24F1AD8800F8C874 /* TransformTests.mm */,
				BDB2662C25324780005BEAD1 /* SFFileTests.mm */,
				BDB2662625323FE7005BEAD1 /* SFFileTests.swift */,
				BD2AEE4E24F7E2AA009EAABE /* GeneratorAmountTests.mm */,
				BD5E1714261F17A0007BAA38 /* RangeTests.mm */,
				BDEB127326232C3C003CE8EE /* InstrumentTests.mm */,
				BDEB127B26234100003CE8EE /* PresetTests.mm */,
				BDEB1277262333B2003CE8EE /* VoiceStateTests.mm */,
				BD5E16FA261EEDA4007BAA38 /* NoteTests.mm */,
				BD250BE82616406100D1C1E0 /* RenderUtilsTests.mm */,
				BD250BD62615E5E900D1C1E0 /* ModulatorSourceTests.mm */,
				BD74D17523CDB1D200204ED4 /* SoundFontInfoLibTests.swift */,
				BD82800924EC91A500533D80 /* SoundFontInfoLibTests-Bridging-Header.h */,
				BD97191024EF1E9C0009ED6E /* SynthesizerTests.mm */,
				BD250CA3261C571E00D1C1E0 /* SampleIndexTests.mm */,
				BD74D17723CDB1D200204ED4 /* Info.plist */,
			);
			path = SoundFontInfoLibTests;
			sourceTree = "<group>";
		};
		BDB265F4252FB2CB005BEAD1 /* Entity */ = {
			isa = PBXGroup;
			children = (
				BD64EB6924E5341900EA8473 /* Bag.hpp */,
				BDEB127F2623792F003CE8EE /* Entity.hpp */,
				BD64EB6724E5328100EA8473 /* Instrument.hpp */,
				BD64EB6B24E534B700EA8473 /* Preset.hpp */,
				BD64EB6F24E536A200EA8473 /* SampleHeader.hpp */,
				BD250C91261A727100D1C1E0 /* Version.hpp */,
				BD250BB12615CCAA00D1C1E0 /* Generator */,
				BD250BC42615CFF900D1C1E0 /* Modulator */,
			);
			path = Entity;
			sourceTree = "<group>";
		};
		BDB265F7252FB31F005BEAD1 /* IO */ = {
			isa = PBXGroup;
			children = (
				BDB1B4692491829000F3F361 /* Chunk.hpp */,
				BDEC00422497DD5700A52507 /* ChunkItems.hpp */,
				BDB1B4652491823400F3F361 /* ChunkList.hpp */,
				BDABC42C24F46A2000F8C874 /* File.mm */,
				BD64EB7124E5A5DC00EA8473 /* File.hpp */,
				BD2AEE5024F81867009EAABE /* Format.hpp */,
				BD74D18423CDB36200204ED4 /* Parser.mm */,
				BD74D18123CDB36200204ED4 /* Parser.hpp */,
				BDB266182531AE2E005BEAD1 /* Pos.mm */,
				BDB266142531AA16005BEAD1 /* Pos.hpp */,
				BDEC002A2497790A00A52507 /* StringUtils.hpp */,
				BDB1B4612491805800F3F361 /* Tag.hpp */,
			);
			path = IO;
			sourceTree = "<group>";
		};
		BDB26651253269F9005BEAD1 /* Render */ = {
			isa = PBXGroup;
			children = (
				BD62BA42261CB09E0052FB7A /* BufferFacet.hpp */,
				BD62BA52261CB8270052FB7A /* DelayBuffer.hpp */,
				BD62BA69261D89A20052FB7A /* DSP.mm */,
				BD62BA3A261CAE070052FB7A /* DSP.hpp */,
				BD82800524EC16F200533D80 /* Envelope.mm */,
				BD82800324EC061400533D80 /* Envelope.hpp */,
				BD62BA46261CB5F40052FB7A /* InputBuffer.hpp */,
				BD2AEE4624F6B8D7009EAABE /* Instrument.mm */,
				BD2AEE4424F69E21009EAABE /* Instrument.hpp */,
				BDEB128926243B9B003CE8EE /* WithZones.hpp */,
				BDB2660425303FE0005BEAD1 /* InstrumentCollection.mm */,
				BD2AEE5824F9DF6B009EAABE /* InstrumentCollection.hpp */,
				BDB2660A25304037005BEAD1 /* InstrumentZone.mm */,
				BD2AEE5624F9DF1E009EAABE /* InstrumentZone.hpp */,
				BD62BA3E261CAE630052FB7A /* LFO.hpp */,
				BD97191424EF21ED0009ED6E /* MIDI.mm */,
				BD97191224EF21E40009ED6E /* MIDI.hpp */,
				BD5E1720261F3FD0007BAA38 /* Modulator.mm */,
				BD5E1718261F3907007BAA38 /* Modulator.hpp */,
				BD5E16F6261EECD5007BAA38 /* Note.mm */,
				BD5E16F2261EEA85007BAA38 /* Note.hpp */,
				BD5E1702261F0FBE007BAA38 /* Preset.mm */,
				BDABC42E24F46CF000F8C874 /* Preset.hpp */,
				BD5E170A261F117D007BAA38 /* PresetZone.mm */,
				BD2AEE5424F9DEB9009EAABE /* PresetZone.hpp */,
				BD5E170E261F121E007BAA38 /* Range.hpp */,
				BD250CAB261C61D000D1C1E0 /* SampleBuffer.hpp */,
				BD250C9F261C3AA600D1C1E0 /* SampleIndex.hpp */,
				BD97190E24EF18530009ED6E /* Synthesizer.mm */,
				BD97190C24EF182D0009ED6E /* Synthesizer.hpp */,
				BDABC42824F172CD00F8C874 /* Transform.mm */,
				BDABC42624F1727A00F8C874 /* Transform.hpp */,
				BD250C772617255B00D1C1E0 /* Utils.mm */,
				BD250BE226163F7D00D1C1E0 /* Utils.hpp */,
				BD5E16FE261EFFB9007BAA38 /* Voice.mm */,
				BDEC0026249775FE00A52507 /* Voice.hpp */,
				BDB265FE25303E38005BEAD1 /* VoiceState.mm */,
				BD2AEE5224F9C689009EAABE /* VoiceState.hpp */,
				BD2AEE4824F6BF94009EAABE /* Zone.mm */,
				BDABC43224F46EFA00F8C874 /* Zone.hpp */,
				BD5E1706261F111A007BAA38 /* ZoneCollection.hpp */,
			);
			path = Render;
			sourceTree = "<group>";
		};
		BDECFFE72496BA6600A52507 /* sf2dump */ = {
			isa = PBXGroup;
			children = (
				BDECFFE82496BA6600A52507 /* main.swift */,
			);
			path = sf2dump;
			sourceTree = "<group>";
		};
		BDECFFED2496BEFB00A52507 /* Frameworks */ = {
			isa = PBXGroup;
			children = (
				BDD2D6AA261C8854000557A3 /* Accelerate.framework */,
				BDB266C925334B96005BEAD1 /* SF2Files.framework */,
				BDB266C725334B3E005BEAD1 /* SF2Files.framework */,
			);
			name = Frameworks;
			sourceTree = "<group>";
		};
/* End PBXGroup section */

/* Begin PBXHeadersBuildPhase section */
		BD74D16223CDB1D200204ED4 /* Headers */ = {
			isa = PBXHeadersBuildPhase;
			buildActionMask = 2147483647;
			files = (
				BD5E1707261F111A007BAA38 /* ZoneCollection.hpp in Headers */,
				BD5E1719261F3907007BAA38 /* Modulator.hpp in Headers */,
				BDEB128A26243B9B003CE8EE /* WithZones.hpp in Headers */,
				BD62BA3B261CAE080052FB7A /* DSP.hpp in Headers */,
				BD62BA47261CB5F40052FB7A /* InputBuffer.hpp in Headers */,
				BD74D18623CDB36200204ED4 /* SoundFontInfo.h in Headers */,
				BDEB12802623792F003CE8EE /* Entity.hpp in Headers */,
				BD62BA53261CB8270052FB7A /* DelayBuffer.hpp in Headers */,
				BD5E16F3261EEA85007BAA38 /* Note.hpp in Headers */,
				BD5E170F261F121E007BAA38 /* Range.hpp in Headers */,
				BD62BA43261CB09E0052FB7A /* BufferFacet.hpp in Headers */,
				BD62BA3F261CAE630052FB7A /* LFO.hpp in Headers */,
				BD74D17823CDB1D200204ED4 /* SoundFontInfoLib.h in Headers */,
			);
			runOnlyForDeploymentPostprocessing = 0;
		};
/* End PBXHeadersBuildPhase section */

/* Begin PBXNativeTarget section */
		BD74D16623CDB1D200204ED4 /* SoundFontInfoLib */ = {
			isa = PBXNativeTarget;
			buildConfigurationList = BD74D17B23CDB1D200204ED4 /* Build configuration list for PBXNativeTarget "SoundFontInfoLib" */;
			buildPhases = (
				BD74D16223CDB1D200204ED4 /* Headers */,
				BD74D16323CDB1D200204ED4 /* Sources */,
				BD74D16423CDB1D200204ED4 /* Frameworks */,
				BD74D16523CDB1D200204ED4 /* Resources */,
			);
			buildRules = (
			);
			dependencies = (
			);
			name = SoundFontInfoLib;
			productName = SoundFontInfoLib;
			productReference = BD74D16723CDB1D200204ED4 /* SoundFontInfoLib.framework */;
			productType = "com.apple.product-type.framework";
		};
		BD74D16F23CDB1D200204ED4 /* SoundFontInfoLibTests */ = {
			isa = PBXNativeTarget;
			buildConfigurationList = BD74D17E23CDB1D200204ED4 /* Build configuration list for PBXNativeTarget "SoundFontInfoLibTests" */;
			buildPhases = (
				BD74D16C23CDB1D200204ED4 /* Sources */,
				BD74D16D23CDB1D200204ED4 /* Frameworks */,
				BD74D16E23CDB1D200204ED4 /* Resources */,
			);
			buildRules = (
			);
			dependencies = (
				BD74D17323CDB1D200204ED4 /* PBXTargetDependency */,
			);
			name = SoundFontInfoLibTests;
			productName = SoundFontInfoLibTests;
			productReference = BD74D17023CDB1D200204ED4 /* SoundFontInfoLibTests.xctest */;
			productType = "com.apple.product-type.bundle.unit-test";
		};
/* End PBXNativeTarget section */

/* Begin PBXProject section */
		BD74D15E23CDB1D200204ED4 /* Project object */ = {
			isa = PBXProject;
			attributes = {
				LastSwiftUpdateCheck = 1150;
				LastUpgradeCheck = 1200;
				ORGANIZATIONNAME = "Brad Howes";
				TargetAttributes = {
					BD74D16623CDB1D200204ED4 = {
						CreatedOnToolsVersion = 11.3;
					};
					BD74D16F23CDB1D200204ED4 = {
						CreatedOnToolsVersion = 11.3;
						LastSwiftMigration = 1160;
					};
				};
			};
			buildConfigurationList = BD74D16123CDB1D200204ED4 /* Build configuration list for PBXProject "SoundFontInfoLib" */;
			compatibilityVersion = "Xcode 9.3";
			developmentRegion = en;
			hasScannedForEncodings = 0;
			knownRegions = (
				en,
				Base,
			);
			mainGroup = BD74D15D23CDB1D200204ED4;
			productRefGroup = BD74D16823CDB1D200204ED4 /* Products */;
			projectDirPath = "";
			projectRoot = "";
			targets = (
				BD74D16623CDB1D200204ED4 /* SoundFontInfoLib */,
				BD74D16F23CDB1D200204ED4 /* SoundFontInfoLibTests */,
			);
		};
/* End PBXProject section */

/* Begin PBXResourcesBuildPhase section */
		BD74D16523CDB1D200204ED4 /* Resources */ = {
			isa = PBXResourcesBuildPhase;
			buildActionMask = 2147483647;
			files = (
				BD250BA92615A45E00D1C1E0 /* README.md in Resources */,
			);
			runOnlyForDeploymentPostprocessing = 0;
		};
		BD74D16E23CDB1D200204ED4 /* Resources */ = {
			isa = PBXResourcesBuildPhase;
			buildActionMask = 2147483647;
			files = (
			);
			runOnlyForDeploymentPostprocessing = 0;
		};
/* End PBXResourcesBuildPhase section */

/* Begin PBXSourcesBuildPhase section */
		BD74D16323CDB1D200204ED4 /* Sources */ = {
			isa = PBXSourcesBuildPhase;
			buildActionMask = 2147483647;
			files = (
				BDB266192531AE2E005BEAD1 /* Pos.mm in Sources */,
				BD5E16F7261EECD5007BAA38 /* Note.mm in Sources */,
				BDB265FF25303E38005BEAD1 /* VoiceState.mm in Sources */,
				BD97191524EF21ED0009ED6E /* MIDI.mm in Sources */,
				BD250C782617255B00D1C1E0 /* Utils.mm in Sources */,
				BD62BA6A261D89A20052FB7A /* DSP.mm in Sources */,
				BD2AEE4324F692C5009EAABE /* Generator.mm in Sources */,
				BD250BDB2615FD7400D1C1E0 /* Modulator.mm in Sources */,
				BD82800624EC16F200533D80 /* Envelope.mm in Sources */,
				BD82800024EA8E6800533D80 /* Definition.mm in Sources */,
				BDABC42924F172CD00F8C874 /* Transform.mm in Sources */,
				BD2AEE4724F6B8D7009EAABE /* Instrument.mm in Sources */,
				BD2AEE4924F6BF94009EAABE /* Zone.mm in Sources */,
				BD250D14261C74ED00D1C1E0 /* SoundFontInfo.mm in Sources */,
				BD5E1703261F0FBE007BAA38 /* Preset.mm in Sources */,
				BD74D18823CDB36200204ED4 /* Parser.mm in Sources */,
				BD5E16FF261EFFB9007BAA38 /* Voice.mm in Sources */,
				BDABC42D24F46A2000F8C874 /* File.mm in Sources */,
				BD5E170B261F117D007BAA38 /* PresetZone.mm in Sources */,
				BD5E1721261F3FD0007BAA38 /* Modulator.mm in Sources */,
				BDB2660B25304037005BEAD1 /* InstrumentZone.mm in Sources */,
				BD250C82261A126000D1C1E0 /* Types.hpp in Sources */,
				BDB2660525303FE0005BEAD1 /* InstrumentCollection.mm in Sources */,
				BD97190F24EF18530009ED6E /* Synthesizer.mm in Sources */,
			);
			runOnlyForDeploymentPostprocessing = 0;
		};
		BD74D16C23CDB1D200204ED4 /* Sources */ = {
			isa = PBXSourcesBuildPhase;
			buildActionMask = 2147483647;
			files = (
				BDB2662725323FE7005BEAD1 /* SFFileTests.swift in Sources */,
				BDEB127426232C3C003CE8EE /* InstrumentTests.mm in Sources */,
				BD62BA4B261CB78A0052FB7A /* LFOTests.mm in Sources */,
				BD2AEE4F24F7E2AA009EAABE /* GeneratorAmountTests.mm in Sources */,
				BD62BA70261DC5F20052FB7A /* SampleBufferTests.mm in Sources */,
				BD250BE92616406100D1C1E0 /* RenderUtilsTests.mm in Sources */,
				BD5E1715261F17A0007BAA38 /* RangeTests.mm in Sources */,
				BD250BD72615E5E900D1C1E0 /* ModulatorSourceTests.mm in Sources */,
				BDEB127C26234100003CE8EE /* PresetTests.mm in Sources */,
				BD62BA4F261CB7D20052FB7A /* DSPTests.mm in Sources */,
				BD250CA4261C571E00D1C1E0 /* SampleIndexTests.mm in Sources */,
				BDABC42B24F1AD8800F8C874 /* TransformTests.mm in Sources */,
				BD62BA5B261D18790052FB7A /* DelayBufferTests.mm in Sources */,
				BD5E16FB261EEDA4007BAA38 /* NoteTests.mm in Sources */,
				BD9781FC2505304800CEFB59 /* SoundFontInfoLibTests.swift in Sources */,
				BD82800B24EC91A600533D80 /* EnvelopeTests.mm in Sources */,
				BD97191124EF1E9C0009ED6E /* SynthesizerTests.mm in Sources */,
				BDEB1278262333B2003CE8EE /* VoiceStateTests.mm in Sources */,
				BDB2662D25324780005BEAD1 /* SFFileTests.mm in Sources */,
			);
			runOnlyForDeploymentPostprocessing = 0;
		};
/* End PBXSourcesBuildPhase section */

/* Begin PBXTargetDependency section */
		BD74D17323CDB1D200204ED4 /* PBXTargetDependency */ = {
			isa = PBXTargetDependency;
			target = BD74D16623CDB1D200204ED4 /* SoundFontInfoLib */;
			targetProxy = BD74D17223CDB1D200204ED4 /* PBXContainerItemProxy */;
		};
/* End PBXTargetDependency section */

/* Begin XCBuildConfiguration section */
		BD74D17923CDB1D200204ED4 /* Debug */ = {
			isa = XCBuildConfiguration;
			buildSettings = {
				ALWAYS_SEARCH_USER_PATHS = NO;
				APPLICATION_EXTENSION_API_ONLY = YES;
				CLANG_ANALYZER_NONNULL = YES;
				CLANG_ANALYZER_NUMBER_OBJECT_CONVERSION = YES_AGGRESSIVE;
				CLANG_CXX_LANGUAGE_STANDARD = "c++17";
				CLANG_CXX_LIBRARY = "compiler-default";
				CLANG_ENABLE_MODULES = YES;
				CLANG_ENABLE_OBJC_ARC = YES;
				CLANG_ENABLE_OBJC_WEAK = YES;
				CLANG_WARN_BLOCK_CAPTURE_AUTORELEASING = YES;
				CLANG_WARN_BOOL_CONVERSION = YES;
				CLANG_WARN_COMMA = YES;
				CLANG_WARN_CONSTANT_CONVERSION = YES;
				CLANG_WARN_CXX0X_EXTENSIONS = YES;
				CLANG_WARN_DEPRECATED_OBJC_IMPLEMENTATIONS = YES;
				CLANG_WARN_DIRECT_OBJC_ISA_USAGE = YES_ERROR;
				CLANG_WARN_DOCUMENTATION_COMMENTS = YES;
				CLANG_WARN_EMPTY_BODY = YES;
				CLANG_WARN_ENUM_CONVERSION = YES;
				CLANG_WARN_INFINITE_RECURSION = YES;
				CLANG_WARN_INT_CONVERSION = YES;
				CLANG_WARN_NON_LITERAL_NULL_CONVERSION = YES;
				CLANG_WARN_OBJC_IMPLICIT_RETAIN_SELF = YES;
				CLANG_WARN_OBJC_LITERAL_CONVERSION = YES;
				CLANG_WARN_OBJC_ROOT_CLASS = YES_ERROR;
				CLANG_WARN_QUOTED_INCLUDE_IN_FRAMEWORK_HEADER = YES;
				CLANG_WARN_RANGE_LOOP_ANALYSIS = YES;
				CLANG_WARN_STRICT_PROTOTYPES = YES;
				CLANG_WARN_SUSPICIOUS_MOVE = YES;
				CLANG_WARN_UNGUARDED_AVAILABILITY = YES_AGGRESSIVE;
				CLANG_WARN_UNREACHABLE_CODE = YES;
				CLANG_WARN__DUPLICATE_METHOD_MATCH = YES;
				COPY_PHASE_STRIP = NO;
				CURRENT_PROJECT_VERSION = 20210408194618;
				DEBUG_INFORMATION_FORMAT = "dwarf-with-dsym";
				ENABLE_STRICT_OBJC_MSGSEND = YES;
				ENABLE_TESTABILITY = YES;
				GCC_C_LANGUAGE_STANDARD = gnu11;
				GCC_DYNAMIC_NO_PIC = NO;
				GCC_NO_COMMON_BLOCKS = YES;
				GCC_OPTIMIZATION_LEVEL = 0;
				GCC_PREPROCESSOR_DEFINITIONS = (
					"DEBUG=1",
					"$(inherited)",
				);
				GCC_WARN_64_TO_32_BIT_CONVERSION = YES;
				GCC_WARN_ABOUT_RETURN_TYPE = YES_ERROR;
				GCC_WARN_UNDECLARED_SELECTOR = YES;
				GCC_WARN_UNINITIALIZED_AUTOS = YES_AGGRESSIVE;
				GCC_WARN_UNUSED_FUNCTION = YES;
				GCC_WARN_UNUSED_VARIABLE = YES;
				IPHONEOS_DEPLOYMENT_TARGET = 12.0;
				MACOSX_DEPLOYMENT_TARGET = 10.15;
				MTL_ENABLE_DEBUG_INFO = INCLUDE_SOURCE;
				MTL_FAST_MATH = YES;
				ONLY_ACTIVE_ARCH = YES;
				SDKROOT = iphoneos;
				SUPPORTED_PLATFORMS = "iphonesimulator iphoneos";
				SWIFT_ACTIVE_COMPILATION_CONDITIONS = DEBUG;
				SWIFT_OPTIMIZATION_LEVEL = "-Onone";
				VERSIONING_SYSTEM = "apple-generic";
				VERSION_INFO_PREFIX = "";
			};
			name = Debug;
		};
		BD74D17A23CDB1D200204ED4 /* Release */ = {
			isa = XCBuildConfiguration;
			buildSettings = {
				ALWAYS_SEARCH_USER_PATHS = NO;
				APPLICATION_EXTENSION_API_ONLY = YES;
				CLANG_ANALYZER_NONNULL = YES;
				CLANG_ANALYZER_NUMBER_OBJECT_CONVERSION = YES_AGGRESSIVE;
				CLANG_CXX_LANGUAGE_STANDARD = "c++17";
				CLANG_CXX_LIBRARY = "compiler-default";
				CLANG_ENABLE_MODULES = YES;
				CLANG_ENABLE_OBJC_ARC = YES;
				CLANG_ENABLE_OBJC_WEAK = YES;
				CLANG_WARN_BLOCK_CAPTURE_AUTORELEASING = YES;
				CLANG_WARN_BOOL_CONVERSION = YES;
				CLANG_WARN_COMMA = YES;
				CLANG_WARN_CONSTANT_CONVERSION = YES;
				CLANG_WARN_CXX0X_EXTENSIONS = YES;
				CLANG_WARN_DEPRECATED_OBJC_IMPLEMENTATIONS = YES;
				CLANG_WARN_DIRECT_OBJC_ISA_USAGE = YES_ERROR;
				CLANG_WARN_DOCUMENTATION_COMMENTS = YES;
				CLANG_WARN_EMPTY_BODY = YES;
				CLANG_WARN_ENUM_CONVERSION = YES;
				CLANG_WARN_INFINITE_RECURSION = YES;
				CLANG_WARN_INT_CONVERSION = YES;
				CLANG_WARN_NON_LITERAL_NULL_CONVERSION = YES;
				CLANG_WARN_OBJC_IMPLICIT_RETAIN_SELF = YES;
				CLANG_WARN_OBJC_LITERAL_CONVERSION = YES;
				CLANG_WARN_OBJC_ROOT_CLASS = YES_ERROR;
				CLANG_WARN_QUOTED_INCLUDE_IN_FRAMEWORK_HEADER = YES;
				CLANG_WARN_RANGE_LOOP_ANALYSIS = YES;
				CLANG_WARN_STRICT_PROTOTYPES = YES;
				CLANG_WARN_SUSPICIOUS_MOVE = YES;
				CLANG_WARN_UNGUARDED_AVAILABILITY = YES_AGGRESSIVE;
				CLANG_WARN_UNREACHABLE_CODE = YES;
				CLANG_WARN__DUPLICATE_METHOD_MATCH = YES;
				COPY_PHASE_STRIP = NO;
				CURRENT_PROJECT_VERSION = 20210408194618;
				DEBUG_INFORMATION_FORMAT = "dwarf-with-dsym";
				ENABLE_NS_ASSERTIONS = NO;
				ENABLE_STRICT_OBJC_MSGSEND = YES;
				GCC_C_LANGUAGE_STANDARD = gnu11;
				GCC_NO_COMMON_BLOCKS = YES;
				GCC_WARN_64_TO_32_BIT_CONVERSION = YES;
				GCC_WARN_ABOUT_RETURN_TYPE = YES_ERROR;
				GCC_WARN_UNDECLARED_SELECTOR = YES;
				GCC_WARN_UNINITIALIZED_AUTOS = YES_AGGRESSIVE;
				GCC_WARN_UNUSED_FUNCTION = YES;
				GCC_WARN_UNUSED_VARIABLE = YES;
				IPHONEOS_DEPLOYMENT_TARGET = 12.0;
				MACOSX_DEPLOYMENT_TARGET = 10.15;
				MTL_ENABLE_DEBUG_INFO = NO;
				MTL_FAST_MATH = YES;
				SDKROOT = iphoneos;
				SUPPORTED_PLATFORMS = "iphonesimulator iphoneos";
				SWIFT_COMPILATION_MODE = wholemodule;
				SWIFT_OPTIMIZATION_LEVEL = "-O";
				VALIDATE_PRODUCT = YES;
				VERSIONING_SYSTEM = "apple-generic";
				VERSION_INFO_PREFIX = "";
			};
			name = Release;
		};
		BD74D17C23CDB1D200204ED4 /* Debug */ = {
			isa = XCBuildConfiguration;
			buildSettings = {
				CLANG_ADDRESS_SANITIZER_CONTAINER_OVERFLOW = YES;
				CLANG_WARN_FRAMEWORK_INCLUDE_PRIVATE_FROM_PUBLIC = YES;
				CODE_SIGN_IDENTITY = "";
				"CODE_SIGN_IDENTITY[sdk=macosx*]" = "Apple Development";
				CODE_SIGN_STYLE = Automatic;
				CURRENT_PROJECT_VERSION = 20210408194618;
				DEFINES_MODULE = YES;
				DEVELOPMENT_TEAM = UP6SS5ES7E;
				DYLIB_COMPATIBILITY_VERSION = 1;
				DYLIB_CURRENT_VERSION = 1;
				DYLIB_INSTALL_NAME_BASE = "@rpath";
				GCC_C_LANGUAGE_STANDARD = "compiler-default";
				GCC_WARN_PEDANTIC = YES;
				HEADER_SEARCH_PATHS = "$(SRCROOT)/SoundFontInfoLib";
				INFOPLIST_FILE = SoundFontInfoLib/Info.plist;
				INSTALL_PATH = "$(LOCAL_LIBRARY_DIR)/Frameworks";
				IPHONEOS_DEPLOYMENT_TARGET = 12.0;
				LD_RUNPATH_SEARCH_PATHS = (
					"$(inherited)",
					"@executable_path/Frameworks",
					"@loader_path/Frameworks",
				);
				MARKETING_VERSION = 2.21.0;
				PRODUCT_BUNDLE_IDENTIFIER = com.braysoftware.SoundFontInfoLib;
				PRODUCT_NAME = "$(TARGET_NAME:c99extidentifier)";
				PROVISIONING_PROFILE_SPECIFIER = "";
				"PROVISIONING_PROFILE_SPECIFIER[sdk=macosx*]" = "";
				SDKROOT = iphoneos;
				SKIP_INSTALL = YES;
				SUPPORTS_MACCATALYST = YES;
				SWIFT_VERSION = 5.0;
				TARGETED_DEVICE_FAMILY = "1,2";
				USER_HEADER_SEARCH_PATHS = "$(SRCROOT)/SoundFontInfoLib";
				USE_HEADERMAP = NO;
			};
			name = Debug;
		};
		BD74D17D23CDB1D200204ED4 /* Release */ = {
			isa = XCBuildConfiguration;
			buildSettings = {
				CLANG_ADDRESS_SANITIZER_CONTAINER_OVERFLOW = YES;
				CLANG_WARN_FRAMEWORK_INCLUDE_PRIVATE_FROM_PUBLIC = YES;
				CODE_SIGN_IDENTITY = "";
				"CODE_SIGN_IDENTITY[sdk=macosx*]" = "Apple Development";
				CODE_SIGN_STYLE = Automatic;
				CURRENT_PROJECT_VERSION = 20210408194618;
				DEFINES_MODULE = YES;
				DEVELOPMENT_TEAM = UP6SS5ES7E;
				DYLIB_COMPATIBILITY_VERSION = 1;
				DYLIB_CURRENT_VERSION = 1;
				DYLIB_INSTALL_NAME_BASE = "@rpath";
				GCC_C_LANGUAGE_STANDARD = "compiler-default";
				GCC_WARN_PEDANTIC = YES;
				HEADER_SEARCH_PATHS = "$(SRCROOT)/SoundFontInfoLib";
				INFOPLIST_FILE = SoundFontInfoLib/Info.plist;
				INSTALL_PATH = "$(LOCAL_LIBRARY_DIR)/Frameworks";
				IPHONEOS_DEPLOYMENT_TARGET = 12.0;
				LD_RUNPATH_SEARCH_PATHS = (
					"$(inherited)",
					"@executable_path/Frameworks",
					"@loader_path/Frameworks",
				);
				MARKETING_VERSION = 2.21.0;
				PRODUCT_BUNDLE_IDENTIFIER = com.braysoftware.SoundFontInfoLib;
				PRODUCT_NAME = "$(TARGET_NAME:c99extidentifier)";
				PROVISIONING_PROFILE_SPECIFIER = "";
				"PROVISIONING_PROFILE_SPECIFIER[sdk=macosx*]" = "";
				SDKROOT = iphoneos;
				SKIP_INSTALL = YES;
				SUPPORTS_MACCATALYST = YES;
				SWIFT_VERSION = 5.0;
				TARGETED_DEVICE_FAMILY = "1,2";
				USER_HEADER_SEARCH_PATHS = "$(SRCROOT)/SoundFontInfoLib";
				USE_HEADERMAP = NO;
			};
			name = Release;
		};
		BD74D17F23CDB1D200204ED4 /* Debug */ = {
			isa = XCBuildConfiguration;
			buildSettings = {
				CLANG_ENABLE_MODULES = YES;
				CODE_SIGN_STYLE = Automatic;
				DEVELOPMENT_TEAM = UP6SS5ES7E;
				INFOPLIST_FILE = SoundFontInfoLibTests/Info.plist;
				LD_RUNPATH_SEARCH_PATHS = (
					"$(inherited)",
					"@executable_path/Frameworks",
					"@loader_path/Frameworks",
				);
				PRODUCT_BUNDLE_IDENTIFIER = com.braysoftware.SoundFontInfoLibTests;
				PRODUCT_NAME = "$(TARGET_NAME)";
				SDKROOT = iphoneos;
				SWIFT_OBJC_BRIDGING_HEADER = "SoundFontInfoLibTests/SoundFontInfoLibTests-Bridging-Header.h";
				SWIFT_OPTIMIZATION_LEVEL = "-Onone";
				SWIFT_VERSION = 5.0;
				TARGETED_DEVICE_FAMILY = "1,2";
				USER_HEADER_SEARCH_PATHS = "$(SOURCE_ROOT)/SoundFontInfoLib";
			};
			name = Debug;
		};
		BD74D18023CDB1D200204ED4 /* Release */ = {
			isa = XCBuildConfiguration;
			buildSettings = {
				CLANG_ENABLE_MODULES = YES;
				CODE_SIGN_STYLE = Automatic;
				DEVELOPMENT_TEAM = UP6SS5ES7E;
				INFOPLIST_FILE = SoundFontInfoLibTests/Info.plist;
				LD_RUNPATH_SEARCH_PATHS = (
					"$(inherited)",
					"@executable_path/Frameworks",
					"@loader_path/Frameworks",
				);
				PRODUCT_BUNDLE_IDENTIFIER = com.braysoftware.SoundFontInfoLibTests;
				PRODUCT_NAME = "$(TARGET_NAME)";
				SDKROOT = iphoneos;
				SWIFT_OBJC_BRIDGING_HEADER = "SoundFontInfoLibTests/SoundFontInfoLibTests-Bridging-Header.h";
				SWIFT_VERSION = 5.0;
				TARGETED_DEVICE_FAMILY = "1,2";
				USER_HEADER_SEARCH_PATHS = "$(SOURCE_ROOT)/SoundFontInfoLib";
			};
			name = Release;
		};
/* End XCBuildConfiguration section */

/* Begin XCConfigurationList section */
		BD74D16123CDB1D200204ED4 /* Build configuration list for PBXProject "SoundFontInfoLib" */ = {
			isa = XCConfigurationList;
			buildConfigurations = (
				BD74D17923CDB1D200204ED4 /* Debug */,
				BD74D17A23CDB1D200204ED4 /* Release */,
			);
			defaultConfigurationIsVisible = 0;
			defaultConfigurationName = Release;
		};
		BD74D17B23CDB1D200204ED4 /* Build configuration list for PBXNativeTarget "SoundFontInfoLib" */ = {
			isa = XCConfigurationList;
			buildConfigurations = (
				BD74D17C23CDB1D200204ED4 /* Debug */,
				BD74D17D23CDB1D200204ED4 /* Release */,
			);
			defaultConfigurationIsVisible = 0;
			defaultConfigurationName = Release;
		};
		BD74D17E23CDB1D200204ED4 /* Build configuration list for PBXNativeTarget "SoundFontInfoLibTests" */ = {
			isa = XCConfigurationList;
			buildConfigurations = (
				BD74D17F23CDB1D200204ED4 /* Debug */,
				BD74D18023CDB1D200204ED4 /* Release */,
			);
			defaultConfigurationIsVisible = 0;
			defaultConfigurationName = Release;
		};
/* End XCConfigurationList section */
	};
	rootObject = BD74D15E23CDB1D200204ED4 /* Project object */;
}
