// !$*UTF8*$!
{
	archiveVersion = 1;
	classes = {
	};
	objectVersion = 50;
	objects = {

/* Begin PBXBuildFile section */
		BD01BC0121C7D54E00F56F5A /* KeyboardRender.swift in Sources */ = {isa = PBXBuildFile; fileRef = BD01BC0021C7D54E00F56F5A /* KeyboardRender.swift */; };
		BD01BC0321C922CE00F56F5A /* Note.swift in Sources */ = {isa = PBXBuildFile; fileRef = BD01BC0221C922CE00F56F5A /* Note.swift */; };
		BD03F4052399B88B001CEEF7 /* Formatters.swift in Sources */ = {isa = PBXBuildFile; fileRef = BD03F4042399B88B001CEEF7 /* Formatters.swift */; };
		BD24EAA723867F0E00F52424 /* SoundFontListTests.swift in Sources */ = {isa = PBXBuildFile; fileRef = BD24EAA623867F0E00F52424 /* SoundFontListTests.swift */; };
		BD36FF6D21DBABD2002305CB /* InfoBar.swift in Sources */ = {isa = PBXBuildFile; fileRef = BD36FF6C21DBABD2002305CB /* InfoBar.swift */; };
		BD36FF6F21DBC393002305CB /* FavoriteEditorDelegate.swift in Sources */ = {isa = PBXBuildFile; fileRef = BD36FF6E21DBC393002305CB /* FavoriteEditorDelegate.swift */; };
		BD36FF7121DBC3DB002305CB /* ControllerConfiguration.swift in Sources */ = {isa = PBXBuildFile; fileRef = BD36FF7021DBC3DB002305CB /* ControllerConfiguration.swift */; };
		BD3AC7412390399B009956E3 /* SoundFontKind.swift in Sources */ = {isa = PBXBuildFile; fileRef = BD3AC7402390399B009956E3 /* SoundFontKind.swift */; };
		BD3AC74423910BE9009956E3 /* SoundFontList.cpp in Sources */ = {isa = PBXBuildFile; fileRef = BD75433723828760004C6A4C /* SoundFontList.cpp */; };
		BD425FFF2389F03400A2AE01 /* Patch.swift in Sources */ = {isa = PBXBuildFile; fileRef = BD425FFE2389F03400A2AE01 /* Patch.swift */; };
		BD4260012389F1D700A2AE01 /* String+Extensions.swift in Sources */ = {isa = PBXBuildFile; fileRef = BD4260002389F1D700A2AE01 /* String+Extensions.swift */; };
		BD4260032389F7C100A2AE01 /* SoundFontsManager.swift in Sources */ = {isa = PBXBuildFile; fileRef = BD4260022389F7C100A2AE01 /* SoundFontsManager.swift */; };
		BD426005238BBE9600A2AE01 /* SoundFonts.swift in Sources */ = {isa = PBXBuildFile; fileRef = BD426004238BBE9600A2AE01 /* SoundFonts.swift */; };
		BD42F3512388688F00E6D576 /* UserDefaults+Extensions.swift in Sources */ = {isa = PBXBuildFile; fileRef = BD42F3502388688F00E6D576 /* UserDefaults+Extensions.swift */; };
		BD42F353238868DD00E6D576 /* FileManager+Extensions.swift in Sources */ = {isa = PBXBuildFile; fileRef = BD42F352238868DD00E6D576 /* FileManager+Extensions.swift */; };
		BD42F355238868F700E6D576 /* Logging.swift in Sources */ = {isa = PBXBuildFile; fileRef = BD42F354238868F700E6D576 /* Logging.swift */; };
		BD42F35C2388828000E6D576 /* Foundation+Extensions.swift in Sources */ = {isa = PBXBuildFile; fileRef = BD42F35B2388828000E6D576 /* Foundation+Extensions.swift */; };
		BD5A2A4223AB671900CDA8B4 /* SegueHandler.swift in Sources */ = {isa = PBXBuildFile; fileRef = BD5A2A4123AB671900CDA8B4 /* SegueHandler.swift */; };
		BD6CEAF923986DFB00C204F0 /* UIApplication+Extensions.swift in Sources */ = {isa = PBXBuildFile; fileRef = BD6CEAF823986DFB00C204F0 /* UIApplication+Extensions.swift */; };
		BD6F2FC323A28E5800E4091E /* SoundFontPatch.swift in Sources */ = {isa = PBXBuildFile; fileRef = BDD5691423A238550016AB1D /* SoundFontPatch.swift */; };
		BD75432F23803994004C6A4C /* mute.aiff in Resources */ = {isa = PBXBuildFile; fileRef = BD75432D23803994004C6A4C /* mute.aiff */; };
		BD75433023803994004C6A4C /* Mute.swift in Sources */ = {isa = PBXBuildFile; fileRef = BD75432E23803994004C6A4C /* Mute.swift */; };
		BD75433623828711004C6A4C /* iffdigest.cc in Sources */ = {isa = PBXBuildFile; fileRef = BD75433423828711004C6A4C /* iffdigest.cc */; };
		BD75433B2382945D004C6A4C /* GetSoundFontInfo.swift in Sources */ = {isa = PBXBuildFile; fileRef = BD75433A2382945D004C6A4C /* GetSoundFontInfo.swift */; };
		BD75B264218B8CFD00C7EBD7 /* AppDelegate.swift in Sources */ = {isa = PBXBuildFile; fileRef = BD75B263218B8CFD00C7EBD7 /* AppDelegate.swift */; };
		BD75B266218B8CFD00C7EBD7 /* MainViewController.swift in Sources */ = {isa = PBXBuildFile; fileRef = BD75B265218B8CFD00C7EBD7 /* MainViewController.swift */; };
		BD75B26B218B8CFE00C7EBD7 /* Assets.xcassets in Resources */ = {isa = PBXBuildFile; fileRef = BD75B26A218B8CFE00C7EBD7 /* Assets.xcassets */; };
		BD75B26E218B8CFE00C7EBD7 /* LaunchScreen.storyboard in Resources */ = {isa = PBXBuildFile; fileRef = BD75B26C218B8CFE00C7EBD7 /* LaunchScreen.storyboard */; };
		BD75B279218B8CFE00C7EBD7 /* SoundFontsTests.swift in Sources */ = {isa = PBXBuildFile; fileRef = BD75B278218B8CFE00C7EBD7 /* SoundFontsTests.swift */; };
		BD75B284218B8CFE00C7EBD7 /* SoundFontsUITests.swift in Sources */ = {isa = PBXBuildFile; fileRef = BD75B283218B8CFE00C7EBD7 /* SoundFontsUITests.swift */; };
		BD75B294218B930B00C7EBD7 /* Key.swift in Sources */ = {isa = PBXBuildFile; fileRef = BD75B293218B930B00C7EBD7 /* Key.swift */; };
		BD781B48237BF53900A71031 /* PatchesViewManager.swift in Sources */ = {isa = PBXBuildFile; fileRef = BD781B47237BF53900A71031 /* PatchesViewManager.swift */; };
		BD781B4A237BFC5700A71031 /* UpperViewSwipingActivity.swift in Sources */ = {isa = PBXBuildFile; fileRef = BD781B49237BFC5700A71031 /* UpperViewSwipingActivity.swift */; };
		BD7A2E4E21CEB452001CB271 /* UpperViewSlider.swift in Sources */ = {isa = PBXBuildFile; fileRef = BD7A2E4D21CEB452001CB271 /* UpperViewSlider.swift */; };
		BD7A2E5021CEBD74001CB271 /* UpperViewManager.swift in Sources */ = {isa = PBXBuildFile; fileRef = BD7A2E4F21CEBD74001CB271 /* UpperViewManager.swift */; };
		BD7A2E5221CEF4BC001CB271 /* FavoritesViewController.swift in Sources */ = {isa = PBXBuildFile; fileRef = BD7A2E5121CEF4BC001CB271 /* FavoritesViewController.swift */; };
		BD7A2E5421CEF645001CB271 /* FavoriteCell.swift in Sources */ = {isa = PBXBuildFile; fileRef = BD7A2E5321CEF645001CB271 /* FavoriteCell.swift */; };
		BD7A2E5621CF0215001CB271 /* Favorite.swift in Sources */ = {isa = PBXBuildFile; fileRef = BD7A2E5521CF0215001CB271 /* Favorite.swift */; };
		BD7A2E5821D25320001CB271 /* FavoriteEditor.swift in Sources */ = {isa = PBXBuildFile; fileRef = BD7A2E5721D25320001CB271 /* FavoriteEditor.swift */; };
		BD7A2E7821D29066001CB271 /* InfoBarController.swift in Sources */ = {isa = PBXBuildFile; fileRef = BD7A2E7721D29066001CB271 /* InfoBarController.swift */; };
		BD7B44B523A8C6E20051A26A /* .swiftlint.yml in Resources */ = {isa = PBXBuildFile; fileRef = BD7B44B423A8C6E20051A26A /* .swiftlint.yml */; };
		BD85F8CA21D41CFB0028E440 /* Router.swift in Sources */ = {isa = PBXBuildFile; fileRef = BD85F8C921D41CFB0028E440 /* Router.swift */; };
		BD85F8CC21D549ED0028E440 /* FavoritesManager.swift in Sources */ = {isa = PBXBuildFile; fileRef = BD85F8CB21D549ED0028E440 /* FavoritesManager.swift */; };
		BD85F8CE21D554F50028E440 /* FontsTableViewManager.swift in Sources */ = {isa = PBXBuildFile; fileRef = BD85F8CD21D554F50028E440 /* FontsTableViewManager.swift */; };
		BD85F8D021D556DF0028E440 /* PatchesTableViewManager.swift in Sources */ = {isa = PBXBuildFile; fileRef = BD85F8CF21D556DF0028E440 /* PatchesTableViewManager.swift */; };
		BD85F8D521D91A460028E440 /* SelectedSoundFontManager.swift in Sources */ = {isa = PBXBuildFile; fileRef = BD85F8D421D91A460028E440 /* SelectedSoundFontManager.swift */; };
		BD85F8D921D91AA90028E440 /* Favorites.swift in Sources */ = {isa = PBXBuildFile; fileRef = BD85F8D821D91AA90028E440 /* Favorites.swift */; };
		BD85F8DF21D91EA20028E440 /* Keyboard.swift in Sources */ = {isa = PBXBuildFile; fileRef = BD85F8DE21D91EA20028E440 /* Keyboard.swift */; };
		BD85F8E121D96CE70028E440 /* UISearchBar+Additions.swift in Sources */ = {isa = PBXBuildFile; fileRef = BD85F8E021D96CE70028E440 /* UISearchBar+Additions.swift */; };
		BD85F8E521D98F820028E440 /* Settings.swift in Sources */ = {isa = PBXBuildFile; fileRef = BD85F8E421D98F820028E440 /* Settings.swift */; };
		BD874C94221A228E00BBD00B /* AudioToolbox.framework in Frameworks */ = {isa = PBXBuildFile; fileRef = BD874C93221A228E00BBD00B /* AudioToolbox.framework */; };
		BD9BCF7C239A358B002FBC16 /* Localizable.strings in Resources */ = {isa = PBXBuildFile; fileRef = BD9BCF7E239A358B002FBC16 /* Localizable.strings */; };
		BD9BCF7F239A3590002FBC16 /* Localizable.stringsdict in Resources */ = {isa = PBXBuildFile; fileRef = BD9BCF81239A3590002FBC16 /* Localizable.stringsdict */; };
		BD9BCF82239A35D9002FBC16 /* Main.storyboard in Resources */ = {isa = PBXBuildFile; fileRef = BD9BCF84239A35D9002FBC16 /* Main.storyboard */; };
		BDAB3991239500CA00C26C57 /* FontEditor.swift in Sources */ = {isa = PBXBuildFile; fileRef = BDAB3990239500CA00C26C57 /* FontEditor.swift */; };
		BDAB39932395013D00C26C57 /* FontEditorDelegate.swift in Sources */ = {isa = PBXBuildFile; fileRef = BDAB39922395013D00C26C57 /* FontEditorDelegate.swift */; };
		BDAB399523950F1C00C26C57 /* SoundFontEditor.swift in Sources */ = {isa = PBXBuildFile; fileRef = BDAB399423950F1C00C26C57 /* SoundFontEditor.swift */; };
		BDAE7C932217A0EA0003A353 /* UIColor+Extensions.swift in Sources */ = {isa = PBXBuildFile; fileRef = BDAE7C922217A0EA0003A353 /* UIColor+Extensions.swift */; };
		BDAE7C952218539C0003A353 /* FavoriteMover.swift in Sources */ = {isa = PBXBuildFile; fileRef = BDAE7C942218539B0003A353 /* FavoriteMover.swift */; };
		BDAE7C9A221955920003A353 /* SnapshotHelper.swift in Sources */ = {isa = PBXBuildFile; fileRef = BDAE7C99221955920003A353 /* SnapshotHelper.swift */; };
		BDAE7C9C221955E90003A353 /* FastlaneSnapshots.swift in Sources */ = {isa = PBXBuildFile; fileRef = BDAE7C9B221955E90003A353 /* FastlaneSnapshots.swift */; };
		BDBF088021CBF58800C4EA27 /* SoundFontsViewController.swift in Sources */ = {isa = PBXBuildFile; fileRef = BDBF087F21CBF58800C4EA27 /* SoundFontsViewController.swift */; };
		BDBF088221CBFBFF00C4EA27 /* KeyboardController.swift in Sources */ = {isa = PBXBuildFile; fileRef = BDBF088121CBFBFF00C4EA27 /* KeyboardController.swift */; };
		BDBF088421CCFA6C00C4EA27 /* FontPatchCellBase.swift in Sources */ = {isa = PBXBuildFile; fileRef = BDBF088321CCFA6C00C4EA27 /* FontPatchCellBase.swift */; };
		BDC18EF8239EE76F0011DC90 /* RandomAccessCollection+Extensions.swift in Sources */ = {isa = PBXBuildFile; fileRef = BDC18EF7239EE76F0011DC90 /* RandomAccessCollection+Extensions.swift */; };
		BDCE3C302190F7C00008ACF9 /* Sampler.swift in Sources */ = {isa = PBXBuildFile; fileRef = BDCE3C2B2190F7C00008ACF9 /* Sampler.swift */; };
		BDCE3C5B219184A80008ACF9 /* SoundFont.swift in Sources */ = {isa = PBXBuildFile; fileRef = BDCE3C41219184A80008ACF9 /* SoundFont.swift */; };
		BDCE3C61219184A80008ACF9 /* FreeFont.sf2 in Resources */ = {isa = PBXBuildFile; fileRef = BDCE3C48219184A80008ACF9 /* FreeFont.sf2 */; };
		BDCE3C63219184A80008ACF9 /* GeneralUser GS MuseScore v1.442.sf2 in Resources */ = {isa = PBXBuildFile; fileRef = BDCE3C4A219184A80008ACF9 /* GeneralUser GS MuseScore v1.442.sf2 */; };
		BDCE3C66219184A80008ACF9 /* FluidR3_GM.sf2 in Resources */ = {isa = PBXBuildFile; fileRef = BDCE3C4D219184A80008ACF9 /* FluidR3_GM.sf2 */; };
		BDCE3C6B219184A80008ACF9 /* RolandNicePiano.sf2 in Resources */ = {isa = PBXBuildFile; fileRef = BDCE3C52219184A80008ACF9 /* RolandNicePiano.sf2 */; };
		BDD386032212F2380063040C /* FavoriteCell.xib in Resources */ = {isa = PBXBuildFile; fileRef = BDD386022212F2380063040C /* FavoriteCell.xib */; };
		BDD3860522147D0C0063040C /* ReusableView.swift in Sources */ = {isa = PBXBuildFile; fileRef = BDD3860422147D0C0063040C /* ReusableView.swift */; };
		BDD3860722147D920063040C /* NibLoadableView.swift in Sources */ = {isa = PBXBuildFile; fileRef = BDD3860622147D920063040C /* NibLoadableView.swift */; };
		BDD3860922147E380063040C /* UICollectionView+Extensions.swift in Sources */ = {isa = PBXBuildFile; fileRef = BDD3860822147E380063040C /* UICollectionView+Extensions.swift */; };
		BDD5691123A232C30016AB1D /* Keyboard.pcvd in Resources */ = {isa = PBXBuildFile; fileRef = BDD5691023A232C30016AB1D /* Keyboard.pcvd */; };
		BDD5691323A2361A0016AB1D /* State.swift in Sources */ = {isa = PBXBuildFile; fileRef = BDD5691223A2361A0016AB1D /* State.swift */; };
		BDDA223323A3CA13000D953D /* FavoriteCollection.swift in Sources */ = {isa = PBXBuildFile; fileRef = BDDA223223A3CA13000D953D /* FavoriteCollection.swift */; };
		BDDA26B623ACB64500D7C197 /* UIPopoverPresentationController+Extensions.swift in Sources */ = {isa = PBXBuildFile; fileRef = BDDA26B523ACB64500D7C197 /* UIPopoverPresentationController+Extensions.swift */; };
		BDDC648A23A37F6F00459C57 /* ActivePatchManager.swift in Sources */ = {isa = PBXBuildFile; fileRef = BDDCD84223A0F59200B3AABA /* ActivePatchManager.swift */; };
		BDDCD83D23A0DCD100B3AABA /* SubscriberToken.swift in Sources */ = {isa = PBXBuildFile; fileRef = BD90646821DE1C92009B474A /* SubscriberToken.swift */; };
		BDDCD83F23A0DD1200B3AABA /* SubscriptionManager.swift in Sources */ = {isa = PBXBuildFile; fileRef = BDDCD83E23A0DD1200B3AABA /* SubscriptionManager.swift */; };
		BDDCD84123A0EC8300B3AABA /* SoundFontCollection.swift in Sources */ = {isa = PBXBuildFile; fileRef = BDDCD84023A0EC8300B3AABA /* SoundFontCollection.swift */; };
		BDDD1F512216A71A003BDD6F /* UIView+Extensions.swift in Sources */ = {isa = PBXBuildFile; fileRef = BDDD1F502216A71A003BDD6F /* UIView+Extensions.swift */; };
		BDDD1F532216BA0F003BDD6F /* FontCell.swift in Sources */ = {isa = PBXBuildFile; fileRef = BDDD1F522216BA0F003BDD6F /* FontCell.swift */; };
		BDDD1F552216BA52003BDD6F /* PatchCell.swift in Sources */ = {isa = PBXBuildFile; fileRef = BDDD1F542216BA52003BDD6F /* PatchCell.swift */; };
		BDDD1F572216CF26003BDD6F /* UITableView+Extensions.swift in Sources */ = {isa = PBXBuildFile; fileRef = BDDD1F562216CF26003BDD6F /* UITableView+Extensions.swift */; };
		BDDD1F592216D39A003BDD6F /* FontCell.xib in Resources */ = {isa = PBXBuildFile; fileRef = BDDD1F582216D39A003BDD6F /* FontCell.xib */; };
		BDDD1F5B2216D3D3003BDD6F /* PatchCell.xib in Resources */ = {isa = PBXBuildFile; fileRef = BDDD1F5A2216D3D3003BDD6F /* PatchCell.xib */; };
		BDDD1F5D2216E36D003BDD6F /* UIAlertController+Extensions.swift in Sources */ = {isa = PBXBuildFile; fileRef = BDDD1F5C2216E36D003BDD6F /* UIAlertController+Extensions.swift */; };
/* End PBXBuildFile section */

/* Begin PBXContainerItemProxy section */
		BD75B275218B8CFE00C7EBD7 /* PBXContainerItemProxy */ = {
			isa = PBXContainerItemProxy;
			containerPortal = BD75B258218B8CFD00C7EBD7 /* Project object */;
			proxyType = 1;
			remoteGlobalIDString = BD75B25F218B8CFD00C7EBD7;
			remoteInfo = SoundFonts;
		};
		BD75B280218B8CFE00C7EBD7 /* PBXContainerItemProxy */ = {
			isa = PBXContainerItemProxy;
			containerPortal = BD75B258218B8CFD00C7EBD7 /* Project object */;
			proxyType = 1;
			remoteGlobalIDString = BD75B25F218B8CFD00C7EBD7;
			remoteInfo = SoundFonts;
		};
/* End PBXContainerItemProxy section */

/* Begin PBXFileReference section */
		BD01BC0021C7D54E00F56F5A /* KeyboardRender.swift */ = {isa = PBXFileReference; fileEncoding = 4; lastKnownFileType = sourcecode.swift; path = KeyboardRender.swift; sourceTree = "<group>"; };
		BD01BC0221C922CE00F56F5A /* Note.swift */ = {isa = PBXFileReference; lastKnownFileType = sourcecode.swift; path = Note.swift; sourceTree = "<group>"; };
		BD03F4042399B88B001CEEF7 /* Formatters.swift */ = {isa = PBXFileReference; fileEncoding = 4; lastKnownFileType = sourcecode.swift; path = Formatters.swift; sourceTree = "<group>"; };
		BD24EAA623867F0E00F52424 /* SoundFontListTests.swift */ = {isa = PBXFileReference; lastKnownFileType = sourcecode.swift; path = SoundFontListTests.swift; sourceTree = "<group>"; };
		BD36FF6C21DBABD2002305CB /* InfoBar.swift */ = {isa = PBXFileReference; lastKnownFileType = sourcecode.swift; path = InfoBar.swift; sourceTree = "<group>"; };
		BD36FF6E21DBC393002305CB /* FavoriteEditorDelegate.swift */ = {isa = PBXFileReference; lastKnownFileType = sourcecode.swift; path = FavoriteEditorDelegate.swift; sourceTree = "<group>"; };
		BD36FF7021DBC3DB002305CB /* ControllerConfiguration.swift */ = {isa = PBXFileReference; lastKnownFileType = sourcecode.swift; path = ControllerConfiguration.swift; sourceTree = "<group>"; };
		BD3AC7402390399B009956E3 /* SoundFontKind.swift */ = {isa = PBXFileReference; lastKnownFileType = sourcecode.swift; path = SoundFontKind.swift; sourceTree = "<group>"; };
		BD425FFE2389F03400A2AE01 /* Patch.swift */ = {isa = PBXFileReference; lastKnownFileType = sourcecode.swift; path = Patch.swift; sourceTree = "<group>"; };
		BD4260002389F1D700A2AE01 /* String+Extensions.swift */ = {isa = PBXFileReference; lastKnownFileType = sourcecode.swift; path = "String+Extensions.swift"; sourceTree = "<group>"; };
		BD4260022389F7C100A2AE01 /* SoundFontsManager.swift */ = {isa = PBXFileReference; lastKnownFileType = sourcecode.swift; path = SoundFontsManager.swift; sourceTree = "<group>"; };
		BD426004238BBE9600A2AE01 /* SoundFonts.swift */ = {isa = PBXFileReference; lastKnownFileType = sourcecode.swift; path = SoundFonts.swift; sourceTree = "<group>"; };
		BD42F3502388688F00E6D576 /* UserDefaults+Extensions.swift */ = {isa = PBXFileReference; lastKnownFileType = sourcecode.swift; path = "UserDefaults+Extensions.swift"; sourceTree = "<group>"; };
		BD42F352238868DD00E6D576 /* FileManager+Extensions.swift */ = {isa = PBXFileReference; fileEncoding = 4; lastKnownFileType = sourcecode.swift; path = "FileManager+Extensions.swift"; sourceTree = "<group>"; };
		BD42F354238868F700E6D576 /* Logging.swift */ = {isa = PBXFileReference; fileEncoding = 4; lastKnownFileType = sourcecode.swift; path = Logging.swift; sourceTree = "<group>"; };
		BD42F35B2388828000E6D576 /* Foundation+Extensions.swift */ = {isa = PBXFileReference; lastKnownFileType = sourcecode.swift; path = "Foundation+Extensions.swift"; sourceTree = "<group>"; };
		BD5A2A4123AB671900CDA8B4 /* SegueHandler.swift */ = {isa = PBXFileReference; fileEncoding = 4; lastKnownFileType = sourcecode.swift; path = SegueHandler.swift; sourceTree = "<group>"; };
		BD6CEAF823986DFB00C204F0 /* UIApplication+Extensions.swift */ = {isa = PBXFileReference; lastKnownFileType = sourcecode.swift; path = "UIApplication+Extensions.swift"; sourceTree = "<group>"; };
		BD75432D23803994004C6A4C /* mute.aiff */ = {isa = PBXFileReference; lastKnownFileType = audio.aiff; path = mute.aiff; sourceTree = "<group>"; };
		BD75432E23803994004C6A4C /* Mute.swift */ = {isa = PBXFileReference; fileEncoding = 4; lastKnownFileType = sourcecode.swift; path = Mute.swift; sourceTree = "<group>"; };
		BD75433423828711004C6A4C /* iffdigest.cc */ = {isa = PBXFileReference; fileEncoding = 4; lastKnownFileType = sourcecode.cpp.cpp; path = iffdigest.cc; sourceTree = "<group>"; };
		BD75433523828711004C6A4C /* iffdigest.h */ = {isa = PBXFileReference; fileEncoding = 4; lastKnownFileType = sourcecode.c.h; path = iffdigest.h; sourceTree = "<group>"; };
		BD75433723828760004C6A4C /* SoundFontList.cpp */ = {isa = PBXFileReference; lastKnownFileType = sourcecode.cpp.cpp; path = SoundFontList.cpp; sourceTree = "<group>"; };
		BD75433823828760004C6A4C /* SoundFontList.hpp */ = {isa = PBXFileReference; lastKnownFileType = sourcecode.cpp.h; path = SoundFontList.hpp; sourceTree = "<group>"; };
		BD75433A2382945D004C6A4C /* GetSoundFontInfo.swift */ = {isa = PBXFileReference; lastKnownFileType = sourcecode.swift; path = GetSoundFontInfo.swift; sourceTree = "<group>"; };
		BD75B260218B8CFD00C7EBD7 /* SoundFonts.app */ = {isa = PBXFileReference; explicitFileType = wrapper.application; includeInIndex = 0; path = SoundFonts.app; sourceTree = BUILT_PRODUCTS_DIR; };
		BD75B263218B8CFD00C7EBD7 /* AppDelegate.swift */ = {isa = PBXFileReference; lastKnownFileType = sourcecode.swift; path = AppDelegate.swift; sourceTree = "<group>"; };
		BD75B265218B8CFD00C7EBD7 /* MainViewController.swift */ = {isa = PBXFileReference; lastKnownFileType = sourcecode.swift; path = MainViewController.swift; sourceTree = "<group>"; };
		BD75B26A218B8CFE00C7EBD7 /* Assets.xcassets */ = {isa = PBXFileReference; lastKnownFileType = folder.assetcatalog; path = Assets.xcassets; sourceTree = "<group>"; };
		BD75B26D218B8CFE00C7EBD7 /* Base */ = {isa = PBXFileReference; lastKnownFileType = file.storyboard; name = Base; path = Base.lproj/LaunchScreen.storyboard; sourceTree = "<group>"; };
		BD75B26F218B8CFE00C7EBD7 /* Info.plist */ = {isa = PBXFileReference; lastKnownFileType = text.plist.xml; path = Info.plist; sourceTree = "<group>"; };
		BD75B274218B8CFE00C7EBD7 /* SoundFontsTests.xctest */ = {isa = PBXFileReference; explicitFileType = wrapper.cfbundle; includeInIndex = 0; path = SoundFontsTests.xctest; sourceTree = BUILT_PRODUCTS_DIR; };
		BD75B278218B8CFE00C7EBD7 /* SoundFontsTests.swift */ = {isa = PBXFileReference; lastKnownFileType = sourcecode.swift; path = SoundFontsTests.swift; sourceTree = "<group>"; };
		BD75B27A218B8CFE00C7EBD7 /* Info.plist */ = {isa = PBXFileReference; lastKnownFileType = text.plist.xml; path = Info.plist; sourceTree = "<group>"; };
		BD75B27F218B8CFE00C7EBD7 /* SoundFontsUITests.xctest */ = {isa = PBXFileReference; explicitFileType = wrapper.cfbundle; includeInIndex = 0; path = SoundFontsUITests.xctest; sourceTree = BUILT_PRODUCTS_DIR; };
		BD75B283218B8CFE00C7EBD7 /* SoundFontsUITests.swift */ = {isa = PBXFileReference; lastKnownFileType = sourcecode.swift; path = SoundFontsUITests.swift; sourceTree = "<group>"; };
		BD75B285218B8CFE00C7EBD7 /* Info.plist */ = {isa = PBXFileReference; lastKnownFileType = text.plist.xml; path = Info.plist; sourceTree = "<group>"; };
		BD75B293218B930B00C7EBD7 /* Key.swift */ = {isa = PBXFileReference; lastKnownFileType = sourcecode.swift; path = Key.swift; sourceTree = "<group>"; };
		BD781B47237BF53900A71031 /* PatchesViewManager.swift */ = {isa = PBXFileReference; lastKnownFileType = sourcecode.swift; path = PatchesViewManager.swift; sourceTree = "<group>"; };
		BD781B49237BFC5700A71031 /* UpperViewSwipingActivity.swift */ = {isa = PBXFileReference; lastKnownFileType = sourcecode.swift; path = UpperViewSwipingActivity.swift; sourceTree = "<group>"; };
		BD781B4B237BFDBD00A71031 /* README.md */ = {isa = PBXFileReference; fileEncoding = 4; lastKnownFileType = net.daringfireball.markdown; path = README.md; sourceTree = "<group>"; };
		BD7A2E4D21CEB452001CB271 /* UpperViewSlider.swift */ = {isa = PBXFileReference; explicitFileType = sourcecode.swift; path = UpperViewSlider.swift; sourceTree = "<group>"; };
		BD7A2E4F21CEBD74001CB271 /* UpperViewManager.swift */ = {isa = PBXFileReference; lastKnownFileType = sourcecode.swift; path = UpperViewManager.swift; sourceTree = "<group>"; };
		BD7A2E5121CEF4BC001CB271 /* FavoritesViewController.swift */ = {isa = PBXFileReference; lastKnownFileType = sourcecode.swift; path = FavoritesViewController.swift; sourceTree = "<group>"; };
		BD7A2E5321CEF645001CB271 /* FavoriteCell.swift */ = {isa = PBXFileReference; lastKnownFileType = sourcecode.swift; path = FavoriteCell.swift; sourceTree = "<group>"; };
		BD7A2E5521CF0215001CB271 /* Favorite.swift */ = {isa = PBXFileReference; lastKnownFileType = sourcecode.swift; path = Favorite.swift; sourceTree = "<group>"; };
		BD7A2E5721D25320001CB271 /* FavoriteEditor.swift */ = {isa = PBXFileReference; lastKnownFileType = sourcecode.swift; path = FavoriteEditor.swift; sourceTree = "<group>"; };
		BD7A2E7721D29066001CB271 /* InfoBarController.swift */ = {isa = PBXFileReference; lastKnownFileType = sourcecode.swift; path = InfoBarController.swift; sourceTree = "<group>"; };
		BD7B44B423A8C6E20051A26A /* .swiftlint.yml */ = {isa = PBXFileReference; lastKnownFileType = text.yaml; path = .swiftlint.yml; sourceTree = "<group>"; };
		BD85F8C921D41CFB0028E440 /* Router.swift */ = {isa = PBXFileReference; lastKnownFileType = sourcecode.swift; path = Router.swift; sourceTree = "<group>"; };
		BD85F8CB21D549ED0028E440 /* FavoritesManager.swift */ = {isa = PBXFileReference; lastKnownFileType = sourcecode.swift; path = FavoritesManager.swift; sourceTree = "<group>"; };
		BD85F8CD21D554F50028E440 /* FontsTableViewManager.swift */ = {isa = PBXFileReference; lastKnownFileType = sourcecode.swift; path = FontsTableViewManager.swift; sourceTree = "<group>"; };
		BD85F8CF21D556DF0028E440 /* PatchesTableViewManager.swift */ = {isa = PBXFileReference; fileEncoding = 4; lastKnownFileType = sourcecode.swift; path = PatchesTableViewManager.swift; sourceTree = "<group>"; };
		BD85F8D421D91A460028E440 /* SelectedSoundFontManager.swift */ = {isa = PBXFileReference; lastKnownFileType = sourcecode.swift; path = SelectedSoundFontManager.swift; sourceTree = "<group>"; };
		BD85F8D821D91AA90028E440 /* Favorites.swift */ = {isa = PBXFileReference; lastKnownFileType = sourcecode.swift; path = Favorites.swift; sourceTree = "<group>"; };
		BD85F8DE21D91EA20028E440 /* Keyboard.swift */ = {isa = PBXFileReference; lastKnownFileType = sourcecode.swift; path = Keyboard.swift; sourceTree = "<group>"; };
		BD85F8E021D96CE70028E440 /* UISearchBar+Additions.swift */ = {isa = PBXFileReference; lastKnownFileType = sourcecode.swift; path = "UISearchBar+Additions.swift"; sourceTree = "<group>"; };
		BD85F8E421D98F820028E440 /* Settings.swift */ = {isa = PBXFileReference; lastKnownFileType = sourcecode.swift; path = Settings.swift; sourceTree = "<group>"; };
		BD874C93221A228E00BBD00B /* AudioToolbox.framework */ = {isa = PBXFileReference; lastKnownFileType = wrapper.framework; name = AudioToolbox.framework; path = System/Library/Frameworks/AudioToolbox.framework; sourceTree = SDKROOT; };
		BD874C95221A228E00BBD00B /* SoundFonts.entitlements */ = {isa = PBXFileReference; lastKnownFileType = text.plist.entitlements; path = SoundFonts.entitlements; sourceTree = "<group>"; };
		BD90646821DE1C92009B474A /* SubscriberToken.swift */ = {isa = PBXFileReference; lastKnownFileType = sourcecode.swift; path = SubscriberToken.swift; sourceTree = "<group>"; };
		BD9BCF7D239A358B002FBC16 /* en */ = {isa = PBXFileReference; lastKnownFileType = text.plist.strings; name = en; path = en.lproj/Localizable.strings; sourceTree = "<group>"; };
		BD9BCF80239A3590002FBC16 /* en */ = {isa = PBXFileReference; lastKnownFileType = text.plist.stringsdict; name = en; path = en.lproj/Localizable.stringsdict; sourceTree = "<group>"; };
		BD9BCF83239A35D9002FBC16 /* Base */ = {isa = PBXFileReference; lastKnownFileType = file.storyboard; name = Base; path = Base.lproj/Main.storyboard; sourceTree = "<group>"; };
		BD9BCF85239A3791002FBC16 /* fr */ = {isa = PBXFileReference; lastKnownFileType = text.plist.strings; name = fr; path = fr.lproj/LaunchScreen.strings; sourceTree = "<group>"; };
		BD9BCF86239A3791002FBC16 /* fr */ = {isa = PBXFileReference; lastKnownFileType = text.plist.strings; name = fr; path = fr.lproj/Main.strings; sourceTree = "<group>"; };
		BD9BCF87239A3791002FBC16 /* fr */ = {isa = PBXFileReference; lastKnownFileType = text.plist.strings; name = fr; path = fr.lproj/Localizable.strings; sourceTree = "<group>"; };
		BD9BCF88239A3791002FBC16 /* fr */ = {isa = PBXFileReference; lastKnownFileType = text.plist.stringsdict; name = fr; path = fr.lproj/Localizable.stringsdict; sourceTree = "<group>"; };
		BDAB3990239500CA00C26C57 /* FontEditor.swift */ = {isa = PBXFileReference; lastKnownFileType = sourcecode.swift; path = FontEditor.swift; sourceTree = "<group>"; };
		BDAB39922395013D00C26C57 /* FontEditorDelegate.swift */ = {isa = PBXFileReference; lastKnownFileType = sourcecode.swift; path = FontEditorDelegate.swift; sourceTree = "<group>"; };
		BDAB399423950F1C00C26C57 /* SoundFontEditor.swift */ = {isa = PBXFileReference; lastKnownFileType = sourcecode.swift; path = SoundFontEditor.swift; sourceTree = "<group>"; };
		BDAE7C922217A0EA0003A353 /* UIColor+Extensions.swift */ = {isa = PBXFileReference; lastKnownFileType = sourcecode.swift; path = "UIColor+Extensions.swift"; sourceTree = "<group>"; };
		BDAE7C942218539B0003A353 /* FavoriteMover.swift */ = {isa = PBXFileReference; lastKnownFileType = sourcecode.swift; path = FavoriteMover.swift; sourceTree = "<group>"; };
		BDAE7C99221955920003A353 /* SnapshotHelper.swift */ = {isa = PBXFileReference; fileEncoding = 4; lastKnownFileType = sourcecode.swift; name = SnapshotHelper.swift; path = fastlane/SnapshotHelper.swift; sourceTree = SOURCE_ROOT; };
		BDAE7C9B221955E90003A353 /* FastlaneSnapshots.swift */ = {isa = PBXFileReference; lastKnownFileType = sourcecode.swift; path = FastlaneSnapshots.swift; sourceTree = "<group>"; };
		BDBF087F21CBF58800C4EA27 /* SoundFontsViewController.swift */ = {isa = PBXFileReference; lastKnownFileType = sourcecode.swift; path = SoundFontsViewController.swift; sourceTree = "<group>"; };
		BDBF088121CBFBFF00C4EA27 /* KeyboardController.swift */ = {isa = PBXFileReference; lastKnownFileType = sourcecode.swift; path = KeyboardController.swift; sourceTree = "<group>"; };
		BDBF088321CCFA6C00C4EA27 /* FontPatchCellBase.swift */ = {isa = PBXFileReference; lastKnownFileType = sourcecode.swift; path = FontPatchCellBase.swift; sourceTree = "<group>"; };
		BDC18EF7239EE76F0011DC90 /* RandomAccessCollection+Extensions.swift */ = {isa = PBXFileReference; lastKnownFileType = sourcecode.swift; path = "RandomAccessCollection+Extensions.swift"; sourceTree = "<group>"; };
		BDCE3C2B2190F7C00008ACF9 /* Sampler.swift */ = {isa = PBXFileReference; fileEncoding = 4; lastKnownFileType = sourcecode.swift; path = Sampler.swift; sourceTree = "<group>"; };
		BDCE3C41219184A80008ACF9 /* SoundFont.swift */ = {isa = PBXFileReference; fileEncoding = 4; lastKnownFileType = sourcecode.swift; path = SoundFont.swift; sourceTree = "<group>"; };
		BDCE3C48219184A80008ACF9 /* FreeFont.sf2 */ = {isa = PBXFileReference; lastKnownFileType = file; path = FreeFont.sf2; sourceTree = "<group>"; };
		BDCE3C4A219184A80008ACF9 /* GeneralUser GS MuseScore v1.442.sf2 */ = {isa = PBXFileReference; lastKnownFileType = file; path = "GeneralUser GS MuseScore v1.442.sf2"; sourceTree = "<group>"; };
		BDCE3C4D219184A80008ACF9 /* FluidR3_GM.sf2 */ = {isa = PBXFileReference; lastKnownFileType = file; path = FluidR3_GM.sf2; sourceTree = "<group>"; };
		BDCE3C52219184A80008ACF9 /* RolandNicePiano.sf2 */ = {isa = PBXFileReference; lastKnownFileType = file; path = RolandNicePiano.sf2; sourceTree = "<group>"; };
		BDD386022212F2380063040C /* FavoriteCell.xib */ = {isa = PBXFileReference; lastKnownFileType = file.xib; path = FavoriteCell.xib; sourceTree = "<group>"; };
		BDD3860422147D0C0063040C /* ReusableView.swift */ = {isa = PBXFileReference; lastKnownFileType = sourcecode.swift; path = ReusableView.swift; sourceTree = "<group>"; };
		BDD3860622147D920063040C /* NibLoadableView.swift */ = {isa = PBXFileReference; lastKnownFileType = sourcecode.swift; path = NibLoadableView.swift; sourceTree = "<group>"; };
		BDD3860822147E380063040C /* UICollectionView+Extensions.swift */ = {isa = PBXFileReference; lastKnownFileType = sourcecode.swift; path = "UICollectionView+Extensions.swift"; sourceTree = "<group>"; };
		BDD5691023A232C30016AB1D /* Keyboard.pcvd */ = {isa = PBXFileReference; lastKnownFileType = file.bplist; path = Keyboard.pcvd; sourceTree = "<group>"; };
		BDD5691223A2361A0016AB1D /* State.swift */ = {isa = PBXFileReference; lastKnownFileType = sourcecode.swift; path = State.swift; sourceTree = "<group>"; };
		BDD5691423A238550016AB1D /* SoundFontPatch.swift */ = {isa = PBXFileReference; lastKnownFileType = sourcecode.swift; path = SoundFontPatch.swift; sourceTree = "<group>"; };
		BDDA223223A3CA13000D953D /* FavoriteCollection.swift */ = {isa = PBXFileReference; lastKnownFileType = sourcecode.swift; path = FavoriteCollection.swift; sourceTree = "<group>"; };
		BDDA26B523ACB64500D7C197 /* UIPopoverPresentationController+Extensions.swift */ = {isa = PBXFileReference; lastKnownFileType = sourcecode.swift; path = "UIPopoverPresentationController+Extensions.swift"; sourceTree = "<group>"; };
		BDDCD83E23A0DD1200B3AABA /* SubscriptionManager.swift */ = {isa = PBXFileReference; lastKnownFileType = sourcecode.swift; path = SubscriptionManager.swift; sourceTree = "<group>"; };
		BDDCD84023A0EC8300B3AABA /* SoundFontCollection.swift */ = {isa = PBXFileReference; fileEncoding = 4; lastKnownFileType = sourcecode.swift; path = SoundFontCollection.swift; sourceTree = "<group>"; };
		BDDCD84223A0F59200B3AABA /* ActivePatchManager.swift */ = {isa = PBXFileReference; fileEncoding = 4; lastKnownFileType = sourcecode.swift; path = ActivePatchManager.swift; sourceTree = "<group>"; };
		BDDD1F502216A71A003BDD6F /* UIView+Extensions.swift */ = {isa = PBXFileReference; lastKnownFileType = sourcecode.swift; path = "UIView+Extensions.swift"; sourceTree = "<group>"; };
		BDDD1F522216BA0F003BDD6F /* FontCell.swift */ = {isa = PBXFileReference; fileEncoding = 4; lastKnownFileType = sourcecode.swift; path = FontCell.swift; sourceTree = "<group>"; };
		BDDD1F542216BA52003BDD6F /* PatchCell.swift */ = {isa = PBXFileReference; fileEncoding = 4; lastKnownFileType = sourcecode.swift; path = PatchCell.swift; sourceTree = "<group>"; };
		BDDD1F562216CF26003BDD6F /* UITableView+Extensions.swift */ = {isa = PBXFileReference; fileEncoding = 4; lastKnownFileType = sourcecode.swift; path = "UITableView+Extensions.swift"; sourceTree = "<group>"; };
		BDDD1F582216D39A003BDD6F /* FontCell.xib */ = {isa = PBXFileReference; lastKnownFileType = file.xib; path = FontCell.xib; sourceTree = "<group>"; };
		BDDD1F5A2216D3D3003BDD6F /* PatchCell.xib */ = {isa = PBXFileReference; lastKnownFileType = file.xib; path = PatchCell.xib; sourceTree = "<group>"; };
		BDDD1F5C2216E36D003BDD6F /* UIAlertController+Extensions.swift */ = {isa = PBXFileReference; lastKnownFileType = sourcecode.swift; path = "UIAlertController+Extensions.swift"; sourceTree = "<group>"; };
/* End PBXFileReference section */

/* Begin PBXFrameworksBuildPhase section */
		BD75B25D218B8CFD00C7EBD7 /* Frameworks */ = {
			isa = PBXFrameworksBuildPhase;
			buildActionMask = 2147483647;
			files = (
				BD874C94221A228E00BBD00B /* AudioToolbox.framework in Frameworks */,
			);
			runOnlyForDeploymentPostprocessing = 0;
		};
		BD75B271218B8CFE00C7EBD7 /* Frameworks */ = {
			isa = PBXFrameworksBuildPhase;
			buildActionMask = 2147483647;
			files = (
			);
			runOnlyForDeploymentPostprocessing = 0;
		};
		BD75B27C218B8CFE00C7EBD7 /* Frameworks */ = {
			isa = PBXFrameworksBuildPhase;
			buildActionMask = 2147483647;
			files = (
			);
			runOnlyForDeploymentPostprocessing = 0;
		};
/* End PBXFrameworksBuildPhase section */

/* Begin PBXGroup section */
		BD42F3562388691200E6D576 /* Utils */ = {
			isa = PBXGroup;
			children = (
				BDCE3C39219184A80008ACF9 /* MIDI */,
				BD754331238039FD004C6A4C /* Mute Detection */,
				BD03F4042399B88B001CEEF7 /* Formatters.swift */,
				BD42F354238868F700E6D576 /* Logging.swift */,
				BD85F8E421D98F820028E440 /* Settings.swift */,
				BDDCD83E23A0DD1200B3AABA /* SubscriptionManager.swift */,
				BD90646821DE1C92009B474A /* SubscriberToken.swift */,
				BD7A2E4F21CEBD74001CB271 /* UpperViewManager.swift */,
				BD7A2E4D21CEB452001CB271 /* UpperViewSlider.swift */,
			);
			path = Utils;
			sourceTree = "<group>";
		};
		BD42F3572388697200E6D576 /* Resources */ = {
			isa = PBXGroup;
			children = (
				BD75B26A218B8CFE00C7EBD7 /* Assets.xcassets */,
				BD874C95221A228E00BBD00B /* SoundFonts.entitlements */,
				BD75B26F218B8CFE00C7EBD7 /* Info.plist */,
				BD9BCF7E239A358B002FBC16 /* Localizable.strings */,
				BD9BCF81239A3590002FBC16 /* Localizable.stringsdict */,
			);
			path = Resources;
			sourceTree = "<group>";
		};
		BD42F35823886A5E00E6D576 /* UI */ = {
			isa = PBXGroup;
			children = (
				BD75B265218B8CFD00C7EBD7 /* MainViewController.swift */,
				BD7A2E7721D29066001CB271 /* InfoBarController.swift */,
				BD85F8C921D41CFB0028E440 /* Router.swift */,
				BD874C9122195A2F00BBD00B /* Keyboard View */,
				BD85F8E721DA57640028E440 /* Favorites View */,
				BD85F8E621DA573D0028E440 /* Sound Fonts View */,
				BDAE7C982219540A0003A353 /* Storyboards */,
			);
			path = UI;
			sourceTree = "<group>";
		};
		BD754331238039FD004C6A4C /* Mute Detection */ = {
			isa = PBXGroup;
			children = (
				BD75432D23803994004C6A4C /* mute.aiff */,
				BD75432E23803994004C6A4C /* Mute.swift */,
			);
			path = "Mute Detection";
			sourceTree = "<group>";
		};
		BD754333238286D9004C6A4C /* iffdigest */ = {
			isa = PBXGroup;
			children = (
				BD75433423828711004C6A4C /* iffdigest.cc */,
				BD75433523828711004C6A4C /* iffdigest.h */,
				BD75433723828760004C6A4C /* SoundFontList.cpp */,
				BD75433823828760004C6A4C /* SoundFontList.hpp */,
				BD75433A2382945D004C6A4C /* GetSoundFontInfo.swift */,
			);
			path = iffdigest;
			sourceTree = "<group>";
		};
		BD75B257218B8CFD00C7EBD7 = {
			isa = PBXGroup;
			children = (
				BD7B44B423A8C6E20051A26A /* .swiftlint.yml */,
				BD781B4B237BFDBD00A71031 /* README.md */,
				BD75B262218B8CFD00C7EBD7 /* SoundFonts */,
				BD75B277218B8CFE00C7EBD7 /* SoundFontsTests */,
				BD75B282218B8CFE00C7EBD7 /* SoundFontsUITests */,
				BD75B261218B8CFD00C7EBD7 /* Products */,
				BD874C92221A228E00BBD00B /* Frameworks */,
			);
			sourceTree = "<group>";
		};
		BD75B261218B8CFD00C7EBD7 /* Products */ = {
			isa = PBXGroup;
			children = (
				BD75B260218B8CFD00C7EBD7 /* SoundFonts.app */,
				BD75B274218B8CFE00C7EBD7 /* SoundFontsTests.xctest */,
				BD75B27F218B8CFE00C7EBD7 /* SoundFontsUITests.xctest */,
			);
			name = Products;
			sourceTree = "<group>";
		};
		BD75B262218B8CFD00C7EBD7 /* SoundFonts */ = {
			isa = PBXGroup;
			children = (
				BDD5691223A2361A0016AB1D /* State.swift */,
				BDD5690D23A22BE00016AB1D /* Actions */,
				BD75B263218B8CFD00C7EBD7 /* AppDelegate.swift */,
				BDDCD84223A0F59200B3AABA /* ActivePatchManager.swift */,
				BD85F8D421D91A460028E440 /* SelectedSoundFontManager.swift */,
				BD42F35823886A5E00E6D576 /* UI */,
				BDD3860C221486240063040C /* Extensions */,
				BD85F8D321D916BA0028E440 /* Protocols */,
				BD42F3572388697200E6D576 /* Resources */,
				BD42F3562388691200E6D576 /* Utils */,
			);
			path = SoundFonts;
			sourceTree = "<group>";
		};
		BD75B277218B8CFE00C7EBD7 /* SoundFontsTests */ = {
			isa = PBXGroup;
			children = (
				BD75B27A218B8CFE00C7EBD7 /* Info.plist */,
				BD75B278218B8CFE00C7EBD7 /* SoundFontsTests.swift */,
				BD24EAA623867F0E00F52424 /* SoundFontListTests.swift */,
			);
			path = SoundFontsTests;
			sourceTree = "<group>";
		};
		BD75B282218B8CFE00C7EBD7 /* SoundFontsUITests */ = {
			isa = PBXGroup;
			children = (
				BDAE7C99221955920003A353 /* SnapshotHelper.swift */,
				BD75B283218B8CFE00C7EBD7 /* SoundFontsUITests.swift */,
				BD75B285218B8CFE00C7EBD7 /* Info.plist */,
				BDAE7C9B221955E90003A353 /* FastlaneSnapshots.swift */,
			);
			path = SoundFontsUITests;
			sourceTree = "<group>";
		};
		BD85F8D321D916BA0028E440 /* Protocols */ = {
			isa = PBXGroup;
			children = (
				BD36FF7021DBC3DB002305CB /* ControllerConfiguration.swift */,
				BD36FF6E21DBC393002305CB /* FavoriteEditorDelegate.swift */,
				BD85F8D821D91AA90028E440 /* Favorites.swift */,
				BDAB39922395013D00C26C57 /* FontEditorDelegate.swift */,
				BD36FF6C21DBABD2002305CB /* InfoBar.swift */,
				BD85F8DE21D91EA20028E440 /* Keyboard.swift */,
				BDD3860622147D920063040C /* NibLoadableView.swift */,
				BD781B47237BF53900A71031 /* PatchesViewManager.swift */,
				BDD3860422147D0C0063040C /* ReusableView.swift */,
				BD5A2A4123AB671900CDA8B4 /* SegueHandler.swift */,
				BD426004238BBE9600A2AE01 /* SoundFonts.swift */,
				BDAB399423950F1C00C26C57 /* SoundFontEditor.swift */,
				BD781B49237BFC5700A71031 /* UpperViewSwipingActivity.swift */,
			);
			path = Protocols;
			sourceTree = "<group>";
		};
		BD85F8E621DA573D0028E440 /* Sound Fonts View */ = {
			isa = PBXGroup;
			children = (
				BDDD1F522216BA0F003BDD6F /* FontCell.swift */,
				BDAB3990239500CA00C26C57 /* FontEditor.swift */,
				BDBF088321CCFA6C00C4EA27 /* FontPatchCellBase.swift */,
				BD85F8CD21D554F50028E440 /* FontsTableViewManager.swift */,
				BDDD1F542216BA52003BDD6F /* PatchCell.swift */,
				BD85F8CF21D556DF0028E440 /* PatchesTableViewManager.swift */,
				BDBF087F21CBF58800C4EA27 /* SoundFontsViewController.swift */,
			);
			path = "Sound Fonts View";
			sourceTree = "<group>";
		};
		BD85F8E721DA57640028E440 /* Favorites View */ = {
			isa = PBXGroup;
			children = (
				BD7A2E5521CF0215001CB271 /* Favorite.swift */,
				BD7A2E5321CEF645001CB271 /* FavoriteCell.swift */,
				BDDA223223A3CA13000D953D /* FavoriteCollection.swift */,
				BD7A2E5721D25320001CB271 /* FavoriteEditor.swift */,
				BDAE7C942218539B0003A353 /* FavoriteMover.swift */,
				BD85F8CB21D549ED0028E440 /* FavoritesManager.swift */,
				BD7A2E5121CEF4BC001CB271 /* FavoritesViewController.swift */,
			);
			path = "Favorites View";
			sourceTree = "<group>";
		};
		BD874C9122195A2F00BBD00B /* Keyboard View */ = {
			isa = PBXGroup;
			children = (
				BDD5691023A232C30016AB1D /* Keyboard.pcvd */,
				BD75B293218B930B00C7EBD7 /* Key.swift */,
				BDBF088121CBFBFF00C4EA27 /* KeyboardController.swift */,
				BD01BC0021C7D54E00F56F5A /* KeyboardRender.swift */,
			);
			path = "Keyboard View";
			sourceTree = "<group>";
		};
		BD874C92221A228E00BBD00B /* Frameworks */ = {
			isa = PBXGroup;
			children = (
				BD874C93221A228E00BBD00B /* AudioToolbox.framework */,
			);
			name = Frameworks;
			sourceTree = "<group>";
		};
		BDAE7C982219540A0003A353 /* Storyboards */ = {
			isa = PBXGroup;
			children = (
				BD75B26C218B8CFE00C7EBD7 /* LaunchScreen.storyboard */,
				BD9BCF84239A35D9002FBC16 /* Main.storyboard */,
				BDD386022212F2380063040C /* FavoriteCell.xib */,
				BDDD1F582216D39A003BDD6F /* FontCell.xib */,
				BDDD1F5A2216D3D3003BDD6F /* PatchCell.xib */,
			);
			path = Storyboards;
			sourceTree = "<group>";
		};
		BDCE3C39219184A80008ACF9 /* MIDI */ = {
			isa = PBXGroup;
			children = (
				BD01BC0221C922CE00F56F5A /* Note.swift */,
				BD425FFE2389F03400A2AE01 /* Patch.swift */,
				BDCE3C2B2190F7C00008ACF9 /* Sampler.swift */,
				BDCE3C41219184A80008ACF9 /* SoundFont.swift */,
				BDDCD84023A0EC8300B3AABA /* SoundFontCollection.swift */,
				BD3AC7402390399B009956E3 /* SoundFontKind.swift */,
				BDD5691423A238550016AB1D /* SoundFontPatch.swift */,
				BD4260022389F7C100A2AE01 /* SoundFontsManager.swift */,
				BDCE3C45219184A80008ACF9 /* SoundFonts */,
			);
			path = MIDI;
			sourceTree = "<group>";
		};
		BDCE3C45219184A80008ACF9 /* SoundFonts */ = {
			isa = PBXGroup;
			children = (
				BD754333238286D9004C6A4C /* iffdigest */,
				BDCE3C4D219184A80008ACF9 /* FluidR3_GM.sf2 */,
				BDCE3C48219184A80008ACF9 /* FreeFont.sf2 */,
				BDCE3C4A219184A80008ACF9 /* GeneralUser GS MuseScore v1.442.sf2 */,
				BDCE3C52219184A80008ACF9 /* RolandNicePiano.sf2 */,
			);
			path = SoundFonts;
			sourceTree = "<group>";
		};
		BDD3860C221486240063040C /* Extensions */ = {
			isa = PBXGroup;
			children = (
				BD42F352238868DD00E6D576 /* FileManager+Extensions.swift */,
				BD42F35B2388828000E6D576 /* Foundation+Extensions.swift */,
				BDC18EF7239EE76F0011DC90 /* RandomAccessCollection+Extensions.swift */,
				BD4260002389F1D700A2AE01 /* String+Extensions.swift */,
				BDDD1F5C2216E36D003BDD6F /* UIAlertController+Extensions.swift */,
				BD6CEAF823986DFB00C204F0 /* UIApplication+Extensions.swift */,
				BDD3860822147E380063040C /* UICollectionView+Extensions.swift */,
				BDAE7C922217A0EA0003A353 /* UIColor+Extensions.swift */,
				BDDA26B523ACB64500D7C197 /* UIPopoverPresentationController+Extensions.swift */,
				BD85F8E021D96CE70028E440 /* UISearchBar+Additions.swift */,
				BDDD1F562216CF26003BDD6F /* UITableView+Extensions.swift */,
				BDDD1F502216A71A003BDD6F /* UIView+Extensions.swift */,
				BD42F3502388688F00E6D576 /* UserDefaults+Extensions.swift */,
			);
			path = Extensions;
			sourceTree = "<group>";
		};
		BDD5690D23A22BE00016AB1D /* Actions */ = {
			isa = PBXGroup;
			children = (
			);
			path = Actions;
			sourceTree = "<group>";
		};
/* End PBXGroup section */

/* Begin PBXNativeTarget section */
		BD75B25F218B8CFD00C7EBD7 /* SoundFonts */ = {
			isa = PBXNativeTarget;
			buildConfigurationList = BD75B288218B8CFE00C7EBD7 /* Build configuration list for PBXNativeTarget "SoundFonts" */;
			buildPhases = (
				BD75B25C218B8CFD00C7EBD7 /* Sources */,
				BD75B25D218B8CFD00C7EBD7 /* Frameworks */,
				BD75B25E218B8CFD00C7EBD7 /* Resources */,
				BD7B44B323A8C5E90051A26A /* ShellScript */,
			);
			buildRules = (
			);
			dependencies = (
			);
			name = SoundFonts;
			productName = SoundFonts;
			productReference = BD75B260218B8CFD00C7EBD7 /* SoundFonts.app */;
			productType = "com.apple.product-type.application";
		};
		BD75B273218B8CFE00C7EBD7 /* SoundFontsTests */ = {
			isa = PBXNativeTarget;
			buildConfigurationList = BD75B28B218B8CFE00C7EBD7 /* Build configuration list for PBXNativeTarget "SoundFontsTests" */;
			buildPhases = (
				BD75B270218B8CFE00C7EBD7 /* Sources */,
				BD75B271218B8CFE00C7EBD7 /* Frameworks */,
				BD75B272218B8CFE00C7EBD7 /* Resources */,
			);
			buildRules = (
			);
			dependencies = (
				BD75B276218B8CFE00C7EBD7 /* PBXTargetDependency */,
			);
			name = SoundFontsTests;
			productName = SoundFontsTests;
			productReference = BD75B274218B8CFE00C7EBD7 /* SoundFontsTests.xctest */;
			productType = "com.apple.product-type.bundle.unit-test";
		};
		BD75B27E218B8CFE00C7EBD7 /* SoundFontsUITests */ = {
			isa = PBXNativeTarget;
			buildConfigurationList = BD75B28E218B8CFE00C7EBD7 /* Build configuration list for PBXNativeTarget "SoundFontsUITests" */;
			buildPhases = (
				BD75B27B218B8CFE00C7EBD7 /* Sources */,
				BD75B27C218B8CFE00C7EBD7 /* Frameworks */,
				BD75B27D218B8CFE00C7EBD7 /* Resources */,
			);
			buildRules = (
			);
			dependencies = (
				BD75B281218B8CFE00C7EBD7 /* PBXTargetDependency */,
			);
			name = SoundFontsUITests;
			productName = SoundFontsUITests;
			productReference = BD75B27F218B8CFE00C7EBD7 /* SoundFontsUITests.xctest */;
			productType = "com.apple.product-type.bundle.ui-testing";
		};
/* End PBXNativeTarget section */

/* Begin PBXProject section */
		BD75B258218B8CFD00C7EBD7 /* Project object */ = {
			isa = PBXProject;
			attributes = {
				LastSwiftUpdateCheck = 1010;
				LastUpgradeCheck = 1010;
				ORGANIZATIONNAME = "Brad Howes";
				TargetAttributes = {
					BD75B25F218B8CFD00C7EBD7 = {
						CreatedOnToolsVersion = 10.1;
						LastSwiftMigration = 1120;
						SystemCapabilities = {
							com.apple.InterAppAudio = {
								enabled = 1;
							};
						};
					};
					BD75B273218B8CFE00C7EBD7 = {
						CreatedOnToolsVersion = 10.1;
						LastSwiftMigration = 1120;
					};
					BD75B27E218B8CFE00C7EBD7 = {
						CreatedOnToolsVersion = 10.1;
						LastSwiftMigration = 1120;
						TestTargetID = BD75B25F218B8CFD00C7EBD7;
					};
				};
			};
			buildConfigurationList = BD75B25B218B8CFD00C7EBD7 /* Build configuration list for PBXProject "SoundFonts" */;
			compatibilityVersion = "Xcode 9.3";
			developmentRegion = en;
			hasScannedForEncodings = 0;
			knownRegions = (
				en,
				Base,
				fr,
			);
			mainGroup = BD75B257218B8CFD00C7EBD7;
			productRefGroup = BD75B261218B8CFD00C7EBD7 /* Products */;
			projectDirPath = "";
			projectRoot = "";
			targets = (
				BD75B25F218B8CFD00C7EBD7 /* SoundFonts */,
				BD75B273218B8CFE00C7EBD7 /* SoundFontsTests */,
				BD75B27E218B8CFE00C7EBD7 /* SoundFontsUITests */,
			);
		};
/* End PBXProject section */

/* Begin PBXResourcesBuildPhase section */
		BD75B25E218B8CFD00C7EBD7 /* Resources */ = {
			isa = PBXResourcesBuildPhase;
			buildActionMask = 2147483647;
			files = (
				BD7B44B523A8C6E20051A26A /* .swiftlint.yml in Resources */,
				BDDD1F592216D39A003BDD6F /* FontCell.xib in Resources */,
				BD9BCF7C239A358B002FBC16 /* Localizable.strings in Resources */,
				BD75432F23803994004C6A4C /* mute.aiff in Resources */,
				BDD5691123A232C30016AB1D /* Keyboard.pcvd in Resources */,
				BD75B26E218B8CFE00C7EBD7 /* LaunchScreen.storyboard in Resources */,
				BDCE3C6B219184A80008ACF9 /* RolandNicePiano.sf2 in Resources */,
				BD75B26B218B8CFE00C7EBD7 /* Assets.xcassets in Resources */,
				BDD386032212F2380063040C /* FavoriteCell.xib in Resources */,
				BDCE3C66219184A80008ACF9 /* FluidR3_GM.sf2 in Resources */,
				BD9BCF7F239A3590002FBC16 /* Localizable.stringsdict in Resources */,
				BDCE3C61219184A80008ACF9 /* FreeFont.sf2 in Resources */,
				BDDD1F5B2216D3D3003BDD6F /* PatchCell.xib in Resources */,
				BDCE3C63219184A80008ACF9 /* GeneralUser GS MuseScore v1.442.sf2 in Resources */,
				BD9BCF82239A35D9002FBC16 /* Main.storyboard in Resources */,
			);
			runOnlyForDeploymentPostprocessing = 0;
		};
		BD75B272218B8CFE00C7EBD7 /* Resources */ = {
			isa = PBXResourcesBuildPhase;
			buildActionMask = 2147483647;
			files = (
			);
			runOnlyForDeploymentPostprocessing = 0;
		};
		BD75B27D218B8CFE00C7EBD7 /* Resources */ = {
			isa = PBXResourcesBuildPhase;
			buildActionMask = 2147483647;
			files = (
			);
			runOnlyForDeploymentPostprocessing = 0;
		};
/* End PBXResourcesBuildPhase section */

/* Begin PBXShellScriptBuildPhase section */
		BD7B44B323A8C5E90051A26A /* ShellScript */ = {
			isa = PBXShellScriptBuildPhase;
			buildActionMask = 2147483647;
			files = (
			);
			inputFileListPaths = (
			);
			inputPaths = (
			);
			outputFileListPaths = (
			);
			outputPaths = (
			);
			runOnlyForDeploymentPostprocessing = 0;
			shellPath = /bin/sh;
			shellScript = "if which swiftlint >/dev/null; then\n  swiftlint\nelse\n  echo \"warning: SwiftLint not installed, download from https://github.com/realm/SwiftLint\"\nfi\n";
		};
/* End PBXShellScriptBuildPhase section */

/* Begin PBXSourcesBuildPhase section */
		BD75B25C218B8CFD00C7EBD7 /* Sources */ = {
			isa = PBXSourcesBuildPhase;
			buildActionMask = 2147483647;
			files = (
				BD781B4A237BFC5700A71031 /* UpperViewSwipingActivity.swift in Sources */,
				BDBF088021CBF58800C4EA27 /* SoundFontsViewController.swift in Sources */,
				BD425FFF2389F03400A2AE01 /* Patch.swift in Sources */,
				BDBF088221CBFBFF00C4EA27 /* KeyboardController.swift in Sources */,
				BDDCD83D23A0DCD100B3AABA /* SubscriberToken.swift in Sources */,
				BD4260032389F7C100A2AE01 /* SoundFontsManager.swift in Sources */,
				BD85F8D921D91AA90028E440 /* Favorites.swift in Sources */,
				BD426005238BBE9600A2AE01 /* SoundFonts.swift in Sources */,
				BD85F8E121D96CE70028E440 /* UISearchBar+Additions.swift in Sources */,
				BDDA26B623ACB64500D7C197 /* UIPopoverPresentationController+Extensions.swift in Sources */,
				BD42F3512388688F00E6D576 /* UserDefaults+Extensions.swift in Sources */,
				BDAE7C952218539C0003A353 /* FavoriteMover.swift in Sources */,
				BDDD1F512216A71A003BDD6F /* UIView+Extensions.swift in Sources */,
				BDDD1F572216CF26003BDD6F /* UITableView+Extensions.swift in Sources */,
				BD85F8E521D98F820028E440 /* Settings.swift in Sources */,
				BD7A2E5021CEBD74001CB271 /* UpperViewManager.swift in Sources */,
				BD85F8CE21D554F50028E440 /* FontsTableViewManager.swift in Sources */,
				BDD3860722147D920063040C /* NibLoadableView.swift in Sources */,
				BDBF088421CCFA6C00C4EA27 /* FontPatchCellBase.swift in Sources */,
				BDDCD83F23A0DD1200B3AABA /* SubscriptionManager.swift in Sources */,
				BD6F2FC323A28E5800E4091E /* SoundFontPatch.swift in Sources */,
				BD85F8CC21D549ED0028E440 /* FavoritesManager.swift in Sources */,
				BDD3860922147E380063040C /* UICollectionView+Extensions.swift in Sources */,
				BD75B266218B8CFD00C7EBD7 /* MainViewController.swift in Sources */,
				BD7A2E4E21CEB452001CB271 /* UpperViewSlider.swift in Sources */,
				BD85F8D021D556DF0028E440 /* PatchesTableViewManager.swift in Sources */,
				BD36FF6F21DBC393002305CB /* FavoriteEditorDelegate.swift in Sources */,
				BD75433B2382945D004C6A4C /* GetSoundFontInfo.swift in Sources */,
				BD75433023803994004C6A4C /* Mute.swift in Sources */,
				BD7A2E5821D25320001CB271 /* FavoriteEditor.swift in Sources */,
				BDDC648A23A37F6F00459C57 /* ActivePatchManager.swift in Sources */,
				BDAE7C932217A0EA0003A353 /* UIColor+Extensions.swift in Sources */,
				BDC18EF8239EE76F0011DC90 /* RandomAccessCollection+Extensions.swift in Sources */,
				BDD5691323A2361A0016AB1D /* State.swift in Sources */,
				BD7A2E5421CEF645001CB271 /* FavoriteCell.swift in Sources */,
				BDDA223323A3CA13000D953D /* FavoriteCollection.swift in Sources */,
				BD42F353238868DD00E6D576 /* FileManager+Extensions.swift in Sources */,
				BD75433623828711004C6A4C /* iffdigest.cc in Sources */,
				BD42F35C2388828000E6D576 /* Foundation+Extensions.swift in Sources */,
				BDAB3991239500CA00C26C57 /* FontEditor.swift in Sources */,
				BDDD1F552216BA52003BDD6F /* PatchCell.swift in Sources */,
				BD85F8D521D91A460028E440 /* SelectedSoundFontManager.swift in Sources */,
				BD01BC0321C922CE00F56F5A /* Note.swift in Sources */,
				BDDD1F5D2216E36D003BDD6F /* UIAlertController+Extensions.swift in Sources */,
				BD3AC74423910BE9009956E3 /* SoundFontList.cpp in Sources */,
				BD85F8CA21D41CFB0028E440 /* Router.swift in Sources */,
				BDDD1F532216BA0F003BDD6F /* FontCell.swift in Sources */,
				BD4260012389F1D700A2AE01 /* String+Extensions.swift in Sources */,
				BD7A2E5221CEF4BC001CB271 /* FavoritesViewController.swift in Sources */,
				BDAB39932395013D00C26C57 /* FontEditorDelegate.swift in Sources */,
				BD3AC7412390399B009956E3 /* SoundFontKind.swift in Sources */,
				BD42F355238868F700E6D576 /* Logging.swift in Sources */,
				BDCE3C5B219184A80008ACF9 /* SoundFont.swift in Sources */,
				BD781B48237BF53900A71031 /* PatchesViewManager.swift in Sources */,
				BD03F4052399B88B001CEEF7 /* Formatters.swift in Sources */,
				BD75B264218B8CFD00C7EBD7 /* AppDelegate.swift in Sources */,
				BD01BC0121C7D54E00F56F5A /* KeyboardRender.swift in Sources */,
				BDDCD84123A0EC8300B3AABA /* SoundFontCollection.swift in Sources */,
				BD6CEAF923986DFB00C204F0 /* UIApplication+Extensions.swift in Sources */,
				BD85F8DF21D91EA20028E440 /* Keyboard.swift in Sources */,
				BDAB399523950F1C00C26C57 /* SoundFontEditor.swift in Sources */,
				BD7A2E5621CF0215001CB271 /* Favorite.swift in Sources */,
				BDCE3C302190F7C00008ACF9 /* Sampler.swift in Sources */,
				BDD3860522147D0C0063040C /* ReusableView.swift in Sources */,
				BD75B294218B930B00C7EBD7 /* Key.swift in Sources */,
				BD5A2A4223AB671900CDA8B4 /* SegueHandler.swift in Sources */,
				BD36FF7121DBC3DB002305CB /* ControllerConfiguration.swift in Sources */,
				BD36FF6D21DBABD2002305CB /* InfoBar.swift in Sources */,
				BD7A2E7821D29066001CB271 /* InfoBarController.swift in Sources */,
			);
			runOnlyForDeploymentPostprocessing = 0;
		};
		BD75B270218B8CFE00C7EBD7 /* Sources */ = {
			isa = PBXSourcesBuildPhase;
			buildActionMask = 2147483647;
			files = (
				BD24EAA723867F0E00F52424 /* SoundFontListTests.swift in Sources */,
				BD75B279218B8CFE00C7EBD7 /* SoundFontsTests.swift in Sources */,
			);
			runOnlyForDeploymentPostprocessing = 0;
		};
		BD75B27B218B8CFE00C7EBD7 /* Sources */ = {
			isa = PBXSourcesBuildPhase;
			buildActionMask = 2147483647;
			files = (
				BD75B284218B8CFE00C7EBD7 /* SoundFontsUITests.swift in Sources */,
				BDAE7C9A221955920003A353 /* SnapshotHelper.swift in Sources */,
				BDAE7C9C221955E90003A353 /* FastlaneSnapshots.swift in Sources */,
			);
			runOnlyForDeploymentPostprocessing = 0;
		};
/* End PBXSourcesBuildPhase section */

/* Begin PBXTargetDependency section */
		BD75B276218B8CFE00C7EBD7 /* PBXTargetDependency */ = {
			isa = PBXTargetDependency;
			target = BD75B25F218B8CFD00C7EBD7 /* SoundFonts */;
			targetProxy = BD75B275218B8CFE00C7EBD7 /* PBXContainerItemProxy */;
		};
		BD75B281218B8CFE00C7EBD7 /* PBXTargetDependency */ = {
			isa = PBXTargetDependency;
			target = BD75B25F218B8CFD00C7EBD7 /* SoundFonts */;
			targetProxy = BD75B280218B8CFE00C7EBD7 /* PBXContainerItemProxy */;
		};
/* End PBXTargetDependency section */

/* Begin PBXVariantGroup section */
		BD75B26C218B8CFE00C7EBD7 /* LaunchScreen.storyboard */ = {
			isa = PBXVariantGroup;
			children = (
				BD75B26D218B8CFE00C7EBD7 /* Base */,
				BD9BCF85239A3791002FBC16 /* fr */,
			);
			name = LaunchScreen.storyboard;
			sourceTree = "<group>";
		};
		BD9BCF7E239A358B002FBC16 /* Localizable.strings */ = {
			isa = PBXVariantGroup;
			children = (
				BD9BCF7D239A358B002FBC16 /* en */,
				BD9BCF87239A3791002FBC16 /* fr */,
			);
			name = Localizable.strings;
			sourceTree = "<group>";
		};
		BD9BCF81239A3590002FBC16 /* Localizable.stringsdict */ = {
			isa = PBXVariantGroup;
			children = (
				BD9BCF80239A3590002FBC16 /* en */,
				BD9BCF88239A3791002FBC16 /* fr */,
			);
			name = Localizable.stringsdict;
			sourceTree = "<group>";
		};
		BD9BCF84239A35D9002FBC16 /* Main.storyboard */ = {
			isa = PBXVariantGroup;
			children = (
				BD9BCF83239A35D9002FBC16 /* Base */,
				BD9BCF86239A3791002FBC16 /* fr */,
			);
			name = Main.storyboard;
			sourceTree = "<group>";
		};
/* End PBXVariantGroup section */

/* Begin XCBuildConfiguration section */
		BD75B286218B8CFE00C7EBD7 /* Debug */ = {
			isa = XCBuildConfiguration;
			buildSettings = {
				ALWAYS_SEARCH_USER_PATHS = NO;
				CLANG_ANALYZER_LOCALIZABILITY_NONLOCALIZED = YES;
				CLANG_ANALYZER_NONNULL = YES;
				CLANG_ANALYZER_NUMBER_OBJECT_CONVERSION = YES_AGGRESSIVE;
				CLANG_CXX_LANGUAGE_STANDARD = "gnu++14";
				CLANG_CXX_LIBRARY = "libc++";
				CLANG_ENABLE_MODULES = YES;
				CLANG_ENABLE_OBJC_ARC = YES;
				CLANG_ENABLE_OBJC_WEAK = YES;
				CLANG_WARN_BLOCK_CAPTURE_AUTORELEASING = YES;
				CLANG_WARN_BOOL_CONVERSION = YES;
				CLANG_WARN_COMMA = YES;
				CLANG_WARN_CONSTANT_CONVERSION = YES;
				CLANG_WARN_DEPRECATED_OBJC_IMPLEMENTATIONS = YES;
				CLANG_WARN_DIRECT_OBJC_ISA_USAGE = YES_ERROR;
				CLANG_WARN_DOCUMENTATION_COMMENTS = YES;
				CLANG_WARN_EMPTY_BODY = YES;
				CLANG_WARN_ENUM_CONVERSION = YES;
				CLANG_WARN_INFINITE_RECURSION = YES;
				CLANG_WARN_INT_CONVERSION = YES;
				CLANG_WARN_NON_LITERAL_NULL_CONVERSION = YES;
				CLANG_WARN_OBJC_IMPLICIT_RETAIN_SELF = YES;
				CLANG_WARN_OBJC_LITERAL_CONVERSION = YES;
				CLANG_WARN_OBJC_ROOT_CLASS = YES_ERROR;
				CLANG_WARN_RANGE_LOOP_ANALYSIS = YES;
				CLANG_WARN_STRICT_PROTOTYPES = YES;
				CLANG_WARN_SUSPICIOUS_MOVE = YES;
				CLANG_WARN_UNGUARDED_AVAILABILITY = YES_AGGRESSIVE;
				CLANG_WARN_UNREACHABLE_CODE = YES;
				CLANG_WARN__DUPLICATE_METHOD_MATCH = YES;
				CODE_SIGN_IDENTITY = "iPhone Developer";
				COPY_PHASE_STRIP = NO;
				CURRENT_PROJECT_VERSION = 20200104130613;
				DEBUG_INFORMATION_FORMAT = dwarf;
				ENABLE_STRICT_OBJC_MSGSEND = YES;
				ENABLE_TESTABILITY = YES;
				GCC_C_LANGUAGE_STANDARD = gnu11;
				GCC_DYNAMIC_NO_PIC = NO;
				GCC_NO_COMMON_BLOCKS = YES;
				GCC_OPTIMIZATION_LEVEL = 0;
				GCC_PREPROCESSOR_DEFINITIONS = (
					"DEBUG=1",
					"$(inherited)",
				);
				GCC_WARN_64_TO_32_BIT_CONVERSION = YES;
				GCC_WARN_ABOUT_RETURN_TYPE = YES_ERROR;
				GCC_WARN_UNDECLARED_SELECTOR = YES;
				GCC_WARN_UNINITIALIZED_AUTOS = YES_AGGRESSIVE;
				GCC_WARN_UNUSED_FUNCTION = YES;
				GCC_WARN_UNUSED_VARIABLE = YES;
				IPHONEOS_DEPLOYMENT_TARGET = 12.0;
				MTL_ENABLE_DEBUG_INFO = INCLUDE_SOURCE;
				MTL_FAST_MATH = YES;
				ONLY_ACTIVE_ARCH = YES;
				SDKROOT = iphoneos;
				SWIFT_ACTIVE_COMPILATION_CONDITIONS = DEBUG;
				SWIFT_OBJC_BRIDGING_HEADER = /Users/howes/src/SoundFonts/SoundFonts/Utils/MIDI/SoundFonts/iffdigest/SoundFontList.hpp;
				SWIFT_OPTIMIZATION_LEVEL = "-Onone";
				VERSIONING_SYSTEM = "apple-generic";
			};
			name = Debug;
		};
		BD75B287218B8CFE00C7EBD7 /* Release */ = {
			isa = XCBuildConfiguration;
			buildSettings = {
				ALWAYS_SEARCH_USER_PATHS = NO;
				CLANG_ANALYZER_LOCALIZABILITY_NONLOCALIZED = YES;
				CLANG_ANALYZER_NONNULL = YES;
				CLANG_ANALYZER_NUMBER_OBJECT_CONVERSION = YES_AGGRESSIVE;
				CLANG_CXX_LANGUAGE_STANDARD = "gnu++14";
				CLANG_CXX_LIBRARY = "libc++";
				CLANG_ENABLE_MODULES = YES;
				CLANG_ENABLE_OBJC_ARC = YES;
				CLANG_ENABLE_OBJC_WEAK = YES;
				CLANG_WARN_BLOCK_CAPTURE_AUTORELEASING = YES;
				CLANG_WARN_BOOL_CONVERSION = YES;
				CLANG_WARN_COMMA = YES;
				CLANG_WARN_CONSTANT_CONVERSION = YES;
				CLANG_WARN_DEPRECATED_OBJC_IMPLEMENTATIONS = YES;
				CLANG_WARN_DIRECT_OBJC_ISA_USAGE = YES_ERROR;
				CLANG_WARN_DOCUMENTATION_COMMENTS = YES;
				CLANG_WARN_EMPTY_BODY = YES;
				CLANG_WARN_ENUM_CONVERSION = YES;
				CLANG_WARN_INFINITE_RECURSION = YES;
				CLANG_WARN_INT_CONVERSION = YES;
				CLANG_WARN_NON_LITERAL_NULL_CONVERSION = YES;
				CLANG_WARN_OBJC_IMPLICIT_RETAIN_SELF = YES;
				CLANG_WARN_OBJC_LITERAL_CONVERSION = YES;
				CLANG_WARN_OBJC_ROOT_CLASS = YES_ERROR;
				CLANG_WARN_RANGE_LOOP_ANALYSIS = YES;
				CLANG_WARN_STRICT_PROTOTYPES = YES;
				CLANG_WARN_SUSPICIOUS_MOVE = YES;
				CLANG_WARN_UNGUARDED_AVAILABILITY = YES_AGGRESSIVE;
				CLANG_WARN_UNREACHABLE_CODE = YES;
				CLANG_WARN__DUPLICATE_METHOD_MATCH = YES;
				CODE_SIGN_IDENTITY = "iPhone Developer";
				COPY_PHASE_STRIP = NO;
				CURRENT_PROJECT_VERSION = 20200104130613;
				DEBUG_INFORMATION_FORMAT = "dwarf-with-dsym";
				ENABLE_NS_ASSERTIONS = NO;
				ENABLE_STRICT_OBJC_MSGSEND = YES;
				GCC_C_LANGUAGE_STANDARD = gnu11;
				GCC_NO_COMMON_BLOCKS = YES;
				GCC_WARN_64_TO_32_BIT_CONVERSION = YES;
				GCC_WARN_ABOUT_RETURN_TYPE = YES_ERROR;
				GCC_WARN_UNDECLARED_SELECTOR = YES;
				GCC_WARN_UNINITIALIZED_AUTOS = YES_AGGRESSIVE;
				GCC_WARN_UNUSED_FUNCTION = YES;
				GCC_WARN_UNUSED_VARIABLE = YES;
				IPHONEOS_DEPLOYMENT_TARGET = 12.0;
				MTL_ENABLE_DEBUG_INFO = NO;
				MTL_FAST_MATH = YES;
				SDKROOT = iphoneos;
				SWIFT_COMPILATION_MODE = wholemodule;
				SWIFT_OBJC_BRIDGING_HEADER = /Users/howes/src/SoundFonts/SoundFonts/Utils/MIDI/SoundFonts/iffdigest/SoundFontList.hpp;
				SWIFT_OPTIMIZATION_LEVEL = "-O";
				VALIDATE_PRODUCT = YES;
				VERSIONING_SYSTEM = "apple-generic";
			};
			name = Release;
		};
		BD75B289218B8CFE00C7EBD7 /* Debug */ = {
			isa = XCBuildConfiguration;
			buildSettings = {
				ASSETCATALOG_COMPILER_APPICON_NAME = AppIcon;
				CLANG_ENABLE_MODULES = YES;
				CODE_SIGN_ENTITLEMENTS = SoundFonts/Resources/SoundFonts.entitlements;
				CODE_SIGN_STYLE = Automatic;
				DEVELOPMENT_TEAM = UP6SS5ES7E;
				GCC_SYMBOLS_PRIVATE_EXTERN = NO;
				INFOPLIST_FILE = SoundFonts/Resources/Info.plist;
				IPHONEOS_DEPLOYMENT_TARGET = 12.0;
				LD_RUNPATH_SEARCH_PATHS = (
					"$(inherited)",
					"@executable_path/Frameworks",
				);
				MARKETING_VERSION = 1.23;
				PRODUCT_BUNDLE_IDENTIFIER = com.braysoftware.SoundFonts;
				PRODUCT_NAME = "$(TARGET_NAME)";
				SWIFT_OPTIMIZATION_LEVEL = "-Onone";
				SWIFT_VERSION = 5.0;
				TARGETED_DEVICE_FAMILY = "1,2";
			};
			name = Debug;
		};
		BD75B28A218B8CFE00C7EBD7 /* Release */ = {
			isa = XCBuildConfiguration;
			buildSettings = {
				ASSETCATALOG_COMPILER_APPICON_NAME = AppIcon;
				CLANG_ENABLE_MODULES = YES;
				CODE_SIGN_ENTITLEMENTS = SoundFonts/Resources/SoundFonts.entitlements;
				CODE_SIGN_STYLE = Automatic;
				DEVELOPMENT_TEAM = UP6SS5ES7E;
				GCC_SYMBOLS_PRIVATE_EXTERN = YES;
				INFOPLIST_FILE = SoundFonts/Resources/Info.plist;
				IPHONEOS_DEPLOYMENT_TARGET = 12.0;
				LD_RUNPATH_SEARCH_PATHS = (
					"$(inherited)",
					"@executable_path/Frameworks",
				);
				MARKETING_VERSION = 1.23;
				PRODUCT_BUNDLE_IDENTIFIER = com.braysoftware.SoundFonts;
				PRODUCT_NAME = "$(TARGET_NAME)";
				SWIFT_VERSION = 5.0;
				TARGETED_DEVICE_FAMILY = "1,2";
			};
			name = Release;
		};
		BD75B28C218B8CFE00C7EBD7 /* Debug */ = {
			isa = XCBuildConfiguration;
			buildSettings = {
				ALWAYS_EMBED_SWIFT_STANDARD_LIBRARIES = YES;
				CODE_SIGN_STYLE = Automatic;
				DEVELOPMENT_TEAM = UP6SS5ES7E;
				INFOPLIST_FILE = SoundFontsTests/Info.plist;
				LD_RUNPATH_SEARCH_PATHS = (
					"$(inherited)",
					"@executable_path/Frameworks",
					"@loader_path/Frameworks",
				);
				PRODUCT_BUNDLE_IDENTIFIER = com.braysoft.SoundFontsTests;
				PRODUCT_NAME = "$(TARGET_NAME)";
				SWIFT_VERSION = 5.0;
				TARGETED_DEVICE_FAMILY = "1,2";
			};
			name = Debug;
		};
		BD75B28D218B8CFE00C7EBD7 /* Release */ = {
			isa = XCBuildConfiguration;
			buildSettings = {
				ALWAYS_EMBED_SWIFT_STANDARD_LIBRARIES = YES;
				CODE_SIGN_STYLE = Automatic;
				DEVELOPMENT_TEAM = UP6SS5ES7E;
				INFOPLIST_FILE = SoundFontsTests/Info.plist;
				LD_RUNPATH_SEARCH_PATHS = (
					"$(inherited)",
					"@executable_path/Frameworks",
					"@loader_path/Frameworks",
				);
				PRODUCT_BUNDLE_IDENTIFIER = com.braysoft.SoundFontsTests;
				PRODUCT_NAME = "$(TARGET_NAME)";
				SWIFT_VERSION = 5.0;
				TARGETED_DEVICE_FAMILY = "1,2";
			};
			name = Release;
		};
		BD75B28F218B8CFE00C7EBD7 /* Debug */ = {
			isa = XCBuildConfiguration;
			buildSettings = {
				ALWAYS_EMBED_SWIFT_STANDARD_LIBRARIES = YES;
				CODE_SIGN_STYLE = Automatic;
				DEVELOPMENT_TEAM = UP6SS5ES7E;
				INFOPLIST_FILE = SoundFontsUITests/Info.plist;
				LD_RUNPATH_SEARCH_PATHS = (
					"$(inherited)",
					"@executable_path/Frameworks",
					"@loader_path/Frameworks",
				);
				PRODUCT_BUNDLE_IDENTIFIER = com.braysoft.SoundFontsUITests;
				PRODUCT_NAME = "$(TARGET_NAME)";
				SWIFT_VERSION = 5.0;
				TARGETED_DEVICE_FAMILY = "1,2";
				TEST_TARGET_NAME = SoundFonts;
			};
			name = Debug;
		};
		BD75B290218B8CFE00C7EBD7 /* Release */ = {
			isa = XCBuildConfiguration;
			buildSettings = {
				ALWAYS_EMBED_SWIFT_STANDARD_LIBRARIES = YES;
				CODE_SIGN_STYLE = Automatic;
				DEVELOPMENT_TEAM = UP6SS5ES7E;
				INFOPLIST_FILE = SoundFontsUITests/Info.plist;
				LD_RUNPATH_SEARCH_PATHS = (
					"$(inherited)",
					"@executable_path/Frameworks",
					"@loader_path/Frameworks",
				);
				PRODUCT_BUNDLE_IDENTIFIER = com.braysoft.SoundFontsUITests;
				PRODUCT_NAME = "$(TARGET_NAME)";
				SWIFT_VERSION = 5.0;
				TARGETED_DEVICE_FAMILY = "1,2";
				TEST_TARGET_NAME = SoundFonts;
			};
			name = Release;
		};
/* End XCBuildConfiguration section */

/* Begin XCConfigurationList section */
		BD75B25B218B8CFD00C7EBD7 /* Build configuration list for PBXProject "SoundFonts" */ = {
			isa = XCConfigurationList;
			buildConfigurations = (
				BD75B286218B8CFE00C7EBD7 /* Debug */,
				BD75B287218B8CFE00C7EBD7 /* Release */,
			);
			defaultConfigurationIsVisible = 0;
			defaultConfigurationName = Release;
		};
		BD75B288218B8CFE00C7EBD7 /* Build configuration list for PBXNativeTarget "SoundFonts" */ = {
			isa = XCConfigurationList;
			buildConfigurations = (
				BD75B289218B8CFE00C7EBD7 /* Debug */,
				BD75B28A218B8CFE00C7EBD7 /* Release */,
			);
			defaultConfigurationIsVisible = 0;
			defaultConfigurationName = Release;
		};
		BD75B28B218B8CFE00C7EBD7 /* Build configuration list for PBXNativeTarget "SoundFontsTests" */ = {
			isa = XCConfigurationList;
			buildConfigurations = (
				BD75B28C218B8CFE00C7EBD7 /* Debug */,
				BD75B28D218B8CFE00C7EBD7 /* Release */,
			);
			defaultConfigurationIsVisible = 0;
			defaultConfigurationName = Release;
		};
		BD75B28E218B8CFE00C7EBD7 /* Build configuration list for PBXNativeTarget "SoundFontsUITests" */ = {
			isa = XCConfigurationList;
			buildConfigurations = (
				BD75B28F218B8CFE00C7EBD7 /* Debug */,
				BD75B290218B8CFE00C7EBD7 /* Release */,
			);
			defaultConfigurationIsVisible = 0;
			defaultConfigurationName = Release;
		};
/* End XCConfigurationList section */
	};
	rootObject = BD75B258218B8CFD00C7EBD7 /* Project object */;
}
